
Microsoft Visual Studio Solution File, Format Version 11.00
# Visual Studio 2010
Project("{FAE04EC0-301F-11D3-BF4B-00C04F79EFBC}") = "ScalienClient", "ScalienClient\ScalienClient.csproj", "{DF54D3CC-307F-4C2B-B6E7-EE9B22CB2879}"
EndProject
Project("{FAE04EC0-301F-11D3-BF4B-00C04F79EFBC}") = "ScalienClientTest", "ScalienClientTest\ScalienClientTest.csproj", "{31467D97-7B1C-4660-8D36-48C8D073EA96}"
EndProject
Project("{2150E333-8FDC-42A3-9474-1A3956D46DE8}") = "Solution Items", "Solution Items", "{5203CF5B-E5B8-44EA-A8CA-B715C7FF5B36}"
	ProjectSection(SolutionItems) = preProject
		Local.testsettings = Local.testsettings
		TraceAndTestImpact.testsettings = TraceAndTestImpact.testsettings
	EndProjectSection
EndProject
Project("{FAE04EC0-301F-11D3-BF4B-00C04F79EFBC}") = "ScalienClientUnitTesting", "ScalienClientUnitTesting\ScalienClientUnitTesting.csproj", "{1EF955EC-2652-41CF-B876-83C6E092D953}"
EndProject
Project("{FAE04EC0-301F-11D3-BF4B-00C04F79EFBC}") = "ScalienClientUnitTestsVS", "ScalienClientUnitTestsVS\ScalienClientUnitTestsVS.csproj", "{0B08F2FB-1A8E-4638-9746-87323F7BCE70}"
EndProject
Project("{FAE04EC0-301F-11D3-BF4B-00C04F79EFBC}") = "ScalienClientWithNativeDLL", "ScalienClientWithNativeDLL\ScalienClientWithNativeDLL.csproj", "{1F71EFCD-BBCF-4A2F-B1ED-C2B74ADD44C1}"
EndProject
Project("{FAE04EC0-301F-11D3-BF4B-00C04F79EFBC}") = "ScalienClientWithNativeDLLTest", "ScalienClientWithNativeDLLTest\ScalienClientWithNativeDLLTest.csproj", "{BFE3F27C-0439-4B21-8E0F-0FBD68E750B4}"
EndProject
Global
	GlobalSection(TestCaseManagementSettings) = postSolution
		CategoryFile = ScalienClient.vsmdi
	EndGlobalSection
	GlobalSection(SolutionConfigurationPlatforms) = preSolution
		Debug|Any CPU = Debug|Any CPU
		Debug|Mixed Platforms = Debug|Mixed Platforms
		Debug|x64 = Debug|x64
		Debug|x86 = Debug|x86
		Release|Any CPU = Release|Any CPU
		Release|Mixed Platforms = Release|Mixed Platforms
		Release|x64 = Release|x64
		Release|x86 = Release|x86
	EndGlobalSection
	GlobalSection(ProjectConfigurationPlatforms) = postSolution
		{DF54D3CC-307F-4C2B-B6E7-EE9B22CB2879}.Debug|Any CPU.ActiveCfg = Debug|Any CPU
		{DF54D3CC-307F-4C2B-B6E7-EE9B22CB2879}.Debug|Any CPU.Build.0 = Debug|Any CPU
		{DF54D3CC-307F-4C2B-B6E7-EE9B22CB2879}.Debug|Mixed Platforms.ActiveCfg = Debug|Any CPU
		{DF54D3CC-307F-4C2B-B6E7-EE9B22CB2879}.Debug|Mixed Platforms.Build.0 = Debug|Any CPU
		{DF54D3CC-307F-4C2B-B6E7-EE9B22CB2879}.Debug|x64.ActiveCfg = Debug|Any CPU
		{DF54D3CC-307F-4C2B-B6E7-EE9B22CB2879}.Debug|x86.ActiveCfg = Debug|Any CPU
		{DF54D3CC-307F-4C2B-B6E7-EE9B22CB2879}.Release|Any CPU.ActiveCfg = Release|Any CPU
		{DF54D3CC-307F-4C2B-B6E7-EE9B22CB2879}.Release|Any CPU.Build.0 = Release|Any CPU
		{DF54D3CC-307F-4C2B-B6E7-EE9B22CB2879}.Release|Mixed Platforms.ActiveCfg = Release|Any CPU
		{DF54D3CC-307F-4C2B-B6E7-EE9B22CB2879}.Release|Mixed Platforms.Build.0 = Release|Any CPU
		{DF54D3CC-307F-4C2B-B6E7-EE9B22CB2879}.Release|x64.ActiveCfg = Release|Any CPU
		{DF54D3CC-307F-4C2B-B6E7-EE9B22CB2879}.Release|x86.ActiveCfg = Release|Any CPU
		{31467D97-7B1C-4660-8D36-48C8D073EA96}.Debug|Any CPU.ActiveCfg = Debug|Any CPU
		{31467D97-7B1C-4660-8D36-48C8D073EA96}.Debug|Any CPU.Build.0 = Debug|Any CPU
		{31467D97-7B1C-4660-8D36-48C8D073EA96}.Debug|Mixed Platforms.ActiveCfg = Debug|Any CPU
		{31467D97-7B1C-4660-8D36-48C8D073EA96}.Debug|x64.ActiveCfg = Debug|Any CPU
		{31467D97-7B1C-4660-8D36-48C8D073EA96}.Debug|x86.ActiveCfg = Debug|Any CPU
		{31467D97-7B1C-4660-8D36-48C8D073EA96}.Release|Any CPU.ActiveCfg = Release|Any CPU
		{31467D97-7B1C-4660-8D36-48C8D073EA96}.Release|Any CPU.Build.0 = Release|Any CPU
		{31467D97-7B1C-4660-8D36-48C8D073EA96}.Release|Mixed Platforms.ActiveCfg = Release|Any CPU
		{31467D97-7B1C-4660-8D36-48C8D073EA96}.Release|Mixed Platforms.Build.0 = Release|Any CPU
		{31467D97-7B1C-4660-8D36-48C8D073EA96}.Release|x64.ActiveCfg = Release|Any CPU
		{31467D97-7B1C-4660-8D36-48C8D073EA96}.Release|x86.ActiveCfg = Release|Any CPU
		{1EF955EC-2652-41CF-B876-83C6E092D953}.Debug|Any CPU.ActiveCfg = Debug|x86
		{1EF955EC-2652-41CF-B876-83C6E092D953}.Debug|Mixed Platforms.ActiveCfg = Debug|x86
		{1EF955EC-2652-41CF-B876-83C6E092D953}.Debug|Mixed Platforms.Build.0 = Debug|x86
		{1EF955EC-2652-41CF-B876-83C6E092D953}.Debug|x64.ActiveCfg = Debug|x64
		{1EF955EC-2652-41CF-B876-83C6E092D953}.Debug|x64.Build.0 = Debug|x64
		{1EF955EC-2652-41CF-B876-83C6E092D953}.Debug|x86.ActiveCfg = Debug|x86
		{1EF955EC-2652-41CF-B876-83C6E092D953}.Debug|x86.Build.0 = Debug|x86
		{1EF955EC-2652-41CF-B876-83C6E092D953}.Release|Any CPU.ActiveCfg = Release|x86
		{1EF955EC-2652-41CF-B876-83C6E092D953}.Release|Mixed Platforms.ActiveCfg = Release|x86
		{1EF955EC-2652-41CF-B876-83C6E092D953}.Release|Mixed Platforms.Build.0 = Release|x86
		{1EF955EC-2652-41CF-B876-83C6E092D953}.Release|x64.ActiveCfg = Release|x64
		{1EF955EC-2652-41CF-B876-83C6E092D953}.Release|x64.Build.0 = Release|x64
		{1EF955EC-2652-41CF-B876-83C6E092D953}.Release|x86.ActiveCfg = Release|x86
		{1EF955EC-2652-41CF-B876-83C6E092D953}.Release|x86.Build.0 = Release|x86
		{0B08F2FB-1A8E-4638-9746-87323F7BCE70}.Debug|Any CPU.ActiveCfg = Debug|Any CPU
		{0B08F2FB-1A8E-4638-9746-87323F7BCE70}.Debug|Any CPU.Build.0 = Debug|Any CPU
		{0B08F2FB-1A8E-4638-9746-87323F7BCE70}.Debug|Mixed Platforms.ActiveCfg = Debug|Any CPU
		{0B08F2FB-1A8E-4638-9746-87323F7BCE70}.Debug|Mixed Platforms.Build.0 = Debug|Any CPU
		{0B08F2FB-1A8E-4638-9746-87323F7BCE70}.Debug|x64.ActiveCfg = Debug|Any CPU
		{0B08F2FB-1A8E-4638-9746-87323F7BCE70}.Debug|x86.ActiveCfg = Debug|Any CPU
		{0B08F2FB-1A8E-4638-9746-87323F7BCE70}.Release|Any CPU.ActiveCfg = Release|Any CPU
		{0B08F2FB-1A8E-4638-9746-87323F7BCE70}.Release|Any CPU.Build.0 = Release|Any CPU
		{0B08F2FB-1A8E-4638-9746-87323F7BCE70}.Release|Mixed Platforms.ActiveCfg = Release|Any CPU
		{0B08F2FB-1A8E-4638-9746-87323F7BCE70}.Release|Mixed Platforms.Build.0 = Release|Any CPU
		{0B08F2FB-1A8E-4638-9746-87323F7BCE70}.Release|x64.ActiveCfg = Release|Any CPU
		{0B08F2FB-1A8E-4638-9746-87323F7BCE70}.Release|x86.ActiveCfg = Release|Any CPU
		{1F71EFCD-BBCF-4A2F-B1ED-C2B74ADD44C1}.Debug|Any CPU.ActiveCfg = Debug|Any CPU
		{1F71EFCD-BBCF-4A2F-B1ED-C2B74ADD44C1}.Debug|Any CPU.Build.0 = Debug|Any CPU
		{1F71EFCD-BBCF-4A2F-B1ED-C2B74ADD44C1}.Debug|Mixed Platforms.ActiveCfg = Debug|Any CPU
		{1F71EFCD-BBCF-4A2F-B1ED-C2B74ADD44C1}.Debug|Mixed Platforms.Build.0 = Debug|Any CPU
		{1F71EFCD-BBCF-4A2F-B1ED-C2B74ADD44C1}.Debug|x64.ActiveCfg = Debug|Any CPU
		{1F71EFCD-BBCF-4A2F-B1ED-C2B74ADD44C1}.Debug|x86.ActiveCfg = Debug|Any CPU
		{1F71EFCD-BBCF-4A2F-B1ED-C2B74ADD44C1}.Release|Any CPU.ActiveCfg = Release|Any CPU
		{1F71EFCD-BBCF-4A2F-B1ED-C2B74ADD44C1}.Release|Any CPU.Build.0 = Release|Any CPU
		{1F71EFCD-BBCF-4A2F-B1ED-C2B74ADD44C1}.Release|Mixed Platforms.ActiveCfg = Release|Any CPU
		{1F71EFCD-BBCF-4A2F-B1ED-C2B74ADD44C1}.Release|Mixed Platforms.Build.0 = Release|Any CPU
		{1F71EFCD-BBCF-4A2F-B1ED-C2B74ADD44C1}.Release|x64.ActiveCfg = Release|Any CPU
		{1F71EFCD-BBCF-4A2F-B1ED-C2B74ADD44C1}.Release|x86.ActiveCfg = Release|Any CPU
		{BFE3F27C-0439-4B21-8E0F-0FBD68E750B4}.Debug|Any CPU.ActiveCfg = Debug|x86
		{BFE3F27C-0439-4B21-8E0F-0FBD68E750B4}.Debug|Mixed Platforms.ActiveCfg = Debug|x86
		{BFE3F27C-0439-4B21-8E0F-0FBD68E750B4}.Debug|Mixed Platforms.Build.0 = Debug|x86
		{BFE3F27C-0439-4B21-8E0F-0FBD68E750B4}.Debug|x64.ActiveCfg = Debug|x86
		{BFE3F27C-0439-4B21-8E0F-0FBD68E750B4}.Debug|x86.ActiveCfg = Debug|x86
		{BFE3F27C-0439-4B21-8E0F-0FBD68E750B4}.Debug|x86.Build.0 = Debug|x86
		{BFE3F27C-0439-4B21-8E0F-0FBD68E750B4}.Release|Any CPU.ActiveCfg = Release|x86
		{BFE3F27C-0439-4B21-8E0F-0FBD68E750B4}.Release|Mixed Platforms.ActiveCfg = Release|x86
		{BFE3F27C-0439-4B21-8E0F-0FBD68E750B4}.Release|Mixed Platforms.Build.0 = Release|x86
		{BFE3F27C-0439-4B21-8E0F-0FBD68E750B4}.Release|x64.ActiveCfg = Release|x86
		{BFE3F27C-0439-4B21-8E0F-0FBD68E750B4}.Release|x86.ActiveCfg = Release|x86
		{BFE3F27C-0439-4B21-8E0F-0FBD68E750B4}.Release|x86.Build.0 = Release|x86
	EndGlobalSection
	GlobalSection(SolutionProperties) = preSolution
		HideSolutionNode = FALSE
	EndGlobalSection
EndGlobal
