// !$*UTF8*$!
{
	archiveVersion = 1;
	classes = {
	};
	objectVersion = 45;
	objects = {

/* Begin PBXBuildFile section */
		5458B68A12B6552700042172 /* FDGuard.cpp in Sources */ = {isa = PBXBuildFile; fileRef = 5458B66012B6552700042172 /* FDGuard.cpp */; };
		5458B68B12B6552700042172 /* StorageBloomPage.cpp in Sources */ = {isa = PBXBuildFile; fileRef = 5458B66312B6552700042172 /* StorageBloomPage.cpp */; };
		5458B68E12B6552700042172 /* StorageChunkSerializer.cpp in Sources */ = {isa = PBXBuildFile; fileRef = 5458B66A12B6552700042172 /* StorageChunkSerializer.cpp */; };
		5458B68F12B6552700042172 /* StorageChunkWriter.cpp in Sources */ = {isa = PBXBuildFile; fileRef = 5458B66C12B6552700042172 /* StorageChunkWriter.cpp */; };
		5458B69012B6552700042172 /* StorageConfig.cpp in Sources */ = {isa = PBXBuildFile; fileRef = 5458B66E12B6552700042172 /* StorageConfig.cpp */; };
		5458B69112B6552700042172 /* StorageDataPage.cpp in Sources */ = {isa = PBXBuildFile; fileRef = 5458B67012B6552700042172 /* StorageDataPage.cpp */; };
		5458B69212B6552700042172 /* StorageEnvironment.cpp in Sources */ = {isa = PBXBuildFile; fileRef = 5458B67212B6552700042172 /* StorageEnvironment.cpp */; };
		5458B69312B6552700042172 /* StorageFileChunk.cpp in Sources */ = {isa = PBXBuildFile; fileRef = 5458B67412B6552700042172 /* StorageFileChunk.cpp */; };
		5458B69412B6552700042172 /* StorageFileKeyValue.cpp in Sources */ = {isa = PBXBuildFile; fileRef = 5458B67612B6552700042172 /* StorageFileKeyValue.cpp */; };
		5458B69512B6552700042172 /* StorageHeaderPage.cpp in Sources */ = {isa = PBXBuildFile; fileRef = 5458B67812B6552700042172 /* StorageHeaderPage.cpp */; };
		5458B69612B6552700042172 /* StorageIndexPage.cpp in Sources */ = {isa = PBXBuildFile; fileRef = 5458B67A12B6552700042172 /* StorageIndexPage.cpp */; };
		5458B69712B6552700042172 /* StorageJob.cpp in Sources */ = {isa = PBXBuildFile; fileRef = 5458B67C12B6552700042172 /* StorageJob.cpp */; };
		5458B69912B6552700042172 /* StorageMemoChunk.cpp in Sources */ = {isa = PBXBuildFile; fileRef = 5458B68112B6552700042172 /* StorageMemoChunk.cpp */; };
		5458B69A12B6552700042172 /* StorageMemoKeyValue.cpp in Sources */ = {isa = PBXBuildFile; fileRef = 5458B68312B6552700042172 /* StorageMemoKeyValue.cpp */; };
		5458B69B12B6552700042172 /* StoragePage.cpp in Sources */ = {isa = PBXBuildFile; fileRef = 5458B68512B6552700042172 /* StoragePage.cpp */; };
		5458B69C12B6552700042172 /* StorageShard.cpp in Sources */ = {isa = PBXBuildFile; fileRef = 5458B68712B6552700042172 /* StorageShard.cpp */; };
		5458B6EC12B668F800042172 /* StorageEnvironmentWriter.cpp in Sources */ = {isa = PBXBuildFile; fileRef = 5458B6EB12B668F800042172 /* StorageEnvironmentWriter.cpp */; };
		546E255211EF5CF700867EE1 /* Buffer.cpp in Sources */ = {isa = PBXBuildFile; fileRef = 546E254C11EF5CF700867EE1 /* Buffer.cpp */; };
		546E255311EF5CF700867EE1 /* BufferPool.cpp in Sources */ = {isa = PBXBuildFile; fileRef = 546E254E11EF5CF700867EE1 /* BufferPool.cpp */; };
		546E255411EF5CF700867EE1 /* ReadBuffer.cpp in Sources */ = {isa = PBXBuildFile; fileRef = 546E255011EF5CF700867EE1 /* ReadBuffer.cpp */; };
		546E269911EF712900867EE1 /* Stopwatch.cpp in Sources */ = {isa = PBXBuildFile; fileRef = 546E269811EF712900867EE1 /* Stopwatch.cpp */; };
		548F50A012157A050035ADDB /* Formatting.cpp in Sources */ = {isa = PBXBuildFile; fileRef = 548F509F12157A050035ADDB /* Formatting.cpp */; };
		54B3C9E012B15A6000BC2171 /* BloomFilter.cpp in Sources */ = {isa = PBXBuildFile; fileRef = 54B3C9DE12B15A6000BC2171 /* BloomFilter.cpp */; };
		54B7F76E11BE5EF30076BC62 /* Common.cpp in Sources */ = {isa = PBXBuildFile; fileRef = 54B7F74411BE5EF30076BC62 /* Common.cpp */; };
		54B7F77111BE5EF30076BC62 /* Scheduler.cpp in Sources */ = {isa = PBXBuildFile; fileRef = 54B7F75111BE5EF30076BC62 /* Scheduler.cpp */; };
		54B7F77411BE5EF30076BC62 /* IOProcessor_Linux.cpp in Sources */ = {isa = PBXBuildFile; fileRef = 54B7F75B11BE5EF30076BC62 /* IOProcessor_Linux.cpp */; };
		54B7F77511BE5EF30076BC62 /* IOProcessor_Windows.cpp in Sources */ = {isa = PBXBuildFile; fileRef = 54B7F75C11BE5EF30076BC62 /* IOProcessor_Windows.cpp */; };
		54B7F77811BE5EF30076BC62 /* Socket_Windows.cpp in Sources */ = {isa = PBXBuildFile; fileRef = 54B7F76011BE5EF30076BC62 /* Socket_Windows.cpp */; };
		54B7F77911BE5EF30076BC62 /* Log.cpp in Sources */ = {isa = PBXBuildFile; fileRef = 54B7F76111BE5EF30076BC62 /* Log.cpp */; };
		54B7F77C11BE5EF30076BC62 /* ThreadPool_Posix.cpp in Sources */ = {isa = PBXBuildFile; fileRef = 54B7F76811BE5EF30076BC62 /* ThreadPool_Posix.cpp */; };
		54B7F77D11BE5EF30076BC62 /* ThreadPool_Windows.cpp in Sources */ = {isa = PBXBuildFile; fileRef = 54B7F76911BE5EF30076BC62 /* ThreadPool_Windows.cpp */; };
		54B7F96111BE85950076BC62 /* Time.cpp in Sources */ = {isa = PBXBuildFile; fileRef = 54B7F96011BE85950076BC62 /* Time.cpp */; };
		54C9964E12B7AAC5002FAACC /* StorageLogSegment.cpp in Sources */ = {isa = PBXBuildFile; fileRef = 54C9964C12B7AAC5002FAACC /* StorageLogSegment.cpp */; };
		54FA68EC11C241EF00FF4EF6 /* EventLoop.cpp in Sources */ = {isa = PBXBuildFile; fileRef = 54B7F74F11BE5EF30076BC62 /* EventLoop.cpp */; };
		54FA68F911C2429A00FF4EF6 /* Countdown.cpp in Sources */ = {isa = PBXBuildFile; fileRef = 54FA68F811C2429A00FF4EF6 /* Countdown.cpp */; };
		54FA690B11C2435300FF4EF6 /* Timer.cpp in Sources */ = {isa = PBXBuildFile; fileRef = 54FA690A11C2435300FF4EF6 /* Timer.cpp */; };
		54FA692B11C244C100FF4EF6 /* Endpoint.cpp in Sources */ = {isa = PBXBuildFile; fileRef = 54B7F75511BE5EF30076BC62 /* Endpoint.cpp */; };
		54FA694411C2458200FF4EF6 /* IOProcessor_Darwin.cpp in Sources */ = {isa = PBXBuildFile; fileRef = 54B7F75A11BE5EF30076BC62 /* IOProcessor_Darwin.cpp */; };
		54FA694511C2458A00FF4EF6 /* Socket_Posix.cpp in Sources */ = {isa = PBXBuildFile; fileRef = 54B7F75F11BE5EF30076BC62 /* Socket_Posix.cpp */; };
		54FA695F11C259DF00FF4EF6 /* Config.cpp in Sources */ = {isa = PBXBuildFile; fileRef = 54B7F74611BE5EF30076BC62 /* Config.cpp */; };
		54FA6B0811C26CAB00FF4EF6 /* Main.cpp in Sources */ = {isa = PBXBuildFile; fileRef = 54FA6B0711C26CAB00FF4EF6 /* Main.cpp */; };
		9AABB04C123E55DE003626AC /* ReadBuffer.cpp in Sources */ = {isa = PBXBuildFile; fileRef = 546E255011EF5CF700867EE1 /* ReadBuffer.cpp */; };
		9AABB04D123E55DE003626AC /* Buffer.cpp in Sources */ = {isa = PBXBuildFile; fileRef = 546E254C11EF5CF700867EE1 /* Buffer.cpp */; };
		9AABB04E123E55DE003626AC /* BufferPool.cpp in Sources */ = {isa = PBXBuildFile; fileRef = 546E254E11EF5CF700867EE1 /* BufferPool.cpp */; };
		9AABB04F123E55DE003626AC /* Scheduler.cpp in Sources */ = {isa = PBXBuildFile; fileRef = 54B7F75111BE5EF30076BC62 /* Scheduler.cpp */; };
		9AABB050123E55DE003626AC /* EventLoop.cpp in Sources */ = {isa = PBXBuildFile; fileRef = 54B7F74F11BE5EF30076BC62 /* EventLoop.cpp */; };
		9AABB051123E55DE003626AC /* Timer.cpp in Sources */ = {isa = PBXBuildFile; fileRef = 54FA690A11C2435300FF4EF6 /* Timer.cpp */; };
		9AABB052123E55DE003626AC /* Countdown.cpp in Sources */ = {isa = PBXBuildFile; fileRef = 54FA68F811C2429A00FF4EF6 /* Countdown.cpp */; };
		9AABB053123E55DE003626AC /* Endpoint.cpp in Sources */ = {isa = PBXBuildFile; fileRef = 54B7F75511BE5EF30076BC62 /* Endpoint.cpp */; };
		9AABB054123E55DE003626AC /* IOProcessor_Darwin.cpp in Sources */ = {isa = PBXBuildFile; fileRef = 54B7F75A11BE5EF30076BC62 /* IOProcessor_Darwin.cpp */; };
		9AABB055123E55DE003626AC /* Socket_Posix.cpp in Sources */ = {isa = PBXBuildFile; fileRef = 54B7F75F11BE5EF30076BC62 /* Socket_Posix.cpp */; };
		9AABB056123E55DE003626AC /* Formatting.cpp in Sources */ = {isa = PBXBuildFile; fileRef = 548F509F12157A050035ADDB /* Formatting.cpp */; };
		9AABB057123E55DE003626AC /* Common.cpp in Sources */ = {isa = PBXBuildFile; fileRef = 54B7F74411BE5EF30076BC62 /* Common.cpp */; };
		9AABB058123E55DE003626AC /* Config.cpp in Sources */ = {isa = PBXBuildFile; fileRef = 54B7F74611BE5EF30076BC62 /* Config.cpp */; };
		9AABB059123E55DE003626AC /* Log.cpp in Sources */ = {isa = PBXBuildFile; fileRef = 54B7F76111BE5EF30076BC62 /* Log.cpp */; };
		9AABB05A123E55DE003626AC /* Stopwatch.cpp in Sources */ = {isa = PBXBuildFile; fileRef = 546E269811EF712900867EE1 /* Stopwatch.cpp */; };
		9AABB05B123E55DE003626AC /* ThreadPool_Posix.cpp in Sources */ = {isa = PBXBuildFile; fileRef = 54B7F76811BE5EF30076BC62 /* ThreadPool_Posix.cpp */; };
		9AABB05C123E55DE003626AC /* Time.cpp in Sources */ = {isa = PBXBuildFile; fileRef = 54B7F96011BE85950076BC62 /* Time.cpp */; };
		9AABB05D123E55DE003626AC /* FileSystem.cpp in Sources */ = {isa = PBXBuildFile; fileRef = 9ACF203E122E942900247703 /* FileSystem.cpp */; };
		9ACF203F122E942900247703 /* FileSystem.cpp in Sources */ = {isa = PBXBuildFile; fileRef = 9ACF203E122E942900247703 /* FileSystem.cpp */; };
/* End PBXBuildFile section */

/* Begin PBXCopyFilesBuildPhase section */
		8DD76F690486A84900D96B5E /* CopyFiles */ = {
			isa = PBXCopyFilesBuildPhase;
			buildActionMask = 8;
			dstPath = /usr/share/man/man1/;
			dstSubfolderSpec = 0;
			files = (
			);
			runOnlyForDeploymentPostprocessing = 1;
		};
/* End PBXCopyFilesBuildPhase section */

/* Begin PBXFileReference section */
		541D826411C7A17D00A6CB16 /* Callable.h */ = {isa = PBXFileReference; fileEncoding = 4; lastKnownFileType = sourcecode.c.h; path = Callable.h; sourceTree = "<group>"; };
		5458B65F12B6552700042172 /* Biglog.txt */ = {isa = PBXFileReference; fileEncoding = 4; lastKnownFileType = text; path = Biglog.txt; sourceTree = "<group>"; };
		5458B66012B6552700042172 /* FDGuard.cpp */ = {isa = PBXFileReference; fileEncoding = 4; lastKnownFileType = sourcecode.cpp.cpp; path = FDGuard.cpp; sourceTree = "<group>"; };
		5458B66112B6552700042172 /* FDGuard.h */ = {isa = PBXFileReference; fileEncoding = 4; lastKnownFileType = sourcecode.c.h; path = FDGuard.h; sourceTree = "<group>"; };
		5458B66212B6552700042172 /* PointerGuard.h */ = {isa = PBXFileReference; fileEncoding = 4; lastKnownFileType = sourcecode.c.h; path = PointerGuard.h; sourceTree = "<group>"; };
		5458B66312B6552700042172 /* StorageBloomPage.cpp */ = {isa = PBXFileReference; fileEncoding = 4; lastKnownFileType = sourcecode.cpp.cpp; path = StorageBloomPage.cpp; sourceTree = "<group>"; };
		5458B66412B6552700042172 /* StorageBloomPage.h */ = {isa = PBXFileReference; fileEncoding = 4; lastKnownFileType = sourcecode.c.h; path = StorageBloomPage.h; sourceTree = "<group>"; };
		5458B66512B6552700042172 /* StorageChunk.h */ = {isa = PBXFileReference; fileEncoding = 4; lastKnownFileType = sourcecode.c.h; path = StorageChunk.h; sourceTree = "<group>"; };
		5458B66A12B6552700042172 /* StorageChunkSerializer.cpp */ = {isa = PBXFileReference; fileEncoding = 4; lastKnownFileType = sourcecode.cpp.cpp; path = StorageChunkSerializer.cpp; sourceTree = "<group>"; };
		5458B66B12B6552700042172 /* StorageChunkSerializer.h */ = {isa = PBXFileReference; fileEncoding = 4; lastKnownFileType = sourcecode.c.h; path = StorageChunkSerializer.h; sourceTree = "<group>"; };
		5458B66C12B6552700042172 /* StorageChunkWriter.cpp */ = {isa = PBXFileReference; fileEncoding = 4; lastKnownFileType = sourcecode.cpp.cpp; path = StorageChunkWriter.cpp; sourceTree = "<group>"; };
		5458B66D12B6552700042172 /* StorageChunkWriter.h */ = {isa = PBXFileReference; fileEncoding = 4; lastKnownFileType = sourcecode.c.h; path = StorageChunkWriter.h; sourceTree = "<group>"; };
		5458B66E12B6552700042172 /* StorageConfig.cpp */ = {isa = PBXFileReference; fileEncoding = 4; lastKnownFileType = sourcecode.cpp.cpp; path = StorageConfig.cpp; sourceTree = "<group>"; };
		5458B66F12B6552700042172 /* StorageConfig.h */ = {isa = PBXFileReference; fileEncoding = 4; lastKnownFileType = sourcecode.c.h; path = StorageConfig.h; sourceTree = "<group>"; };
		5458B67012B6552700042172 /* StorageDataPage.cpp */ = {isa = PBXFileReference; fileEncoding = 4; lastKnownFileType = sourcecode.cpp.cpp; path = StorageDataPage.cpp; sourceTree = "<group>"; };
		5458B67112B6552700042172 /* StorageDataPage.h */ = {isa = PBXFileReference; fileEncoding = 4; lastKnownFileType = sourcecode.c.h; path = StorageDataPage.h; sourceTree = "<group>"; };
		5458B67212B6552700042172 /* StorageEnvironment.cpp */ = {isa = PBXFileReference; fileEncoding = 4; lastKnownFileType = sourcecode.cpp.cpp; path = StorageEnvironment.cpp; sourceTree = "<group>"; };
		5458B67312B6552700042172 /* StorageEnvironment.h */ = {isa = PBXFileReference; fileEncoding = 4; lastKnownFileType = sourcecode.c.h; path = StorageEnvironment.h; sourceTree = "<group>"; };
		5458B67412B6552700042172 /* StorageFileChunk.cpp */ = {isa = PBXFileReference; fileEncoding = 4; lastKnownFileType = sourcecode.cpp.cpp; path = StorageFileChunk.cpp; sourceTree = "<group>"; };
		5458B67512B6552700042172 /* StorageFileChunk.h */ = {isa = PBXFileReference; fileEncoding = 4; lastKnownFileType = sourcecode.c.h; path = StorageFileChunk.h; sourceTree = "<group>"; };
		5458B67612B6552700042172 /* StorageFileKeyValue.cpp */ = {isa = PBXFileReference; fileEncoding = 4; lastKnownFileType = sourcecode.cpp.cpp; path = StorageFileKeyValue.cpp; sourceTree = "<group>"; };
		5458B67712B6552700042172 /* StorageFileKeyValue.h */ = {isa = PBXFileReference; fileEncoding = 4; lastKnownFileType = sourcecode.c.h; path = StorageFileKeyValue.h; sourceTree = "<group>"; };
		5458B67812B6552700042172 /* StorageHeaderPage.cpp */ = {isa = PBXFileReference; fileEncoding = 4; lastKnownFileType = sourcecode.cpp.cpp; path = StorageHeaderPage.cpp; sourceTree = "<group>"; };
		5458B67912B6552700042172 /* StorageHeaderPage.h */ = {isa = PBXFileReference; fileEncoding = 4; lastKnownFileType = sourcecode.c.h; path = StorageHeaderPage.h; sourceTree = "<group>"; };
		5458B67A12B6552700042172 /* StorageIndexPage.cpp */ = {isa = PBXFileReference; fileEncoding = 4; lastKnownFileType = sourcecode.cpp.cpp; path = StorageIndexPage.cpp; sourceTree = "<group>"; };
		5458B67B12B6552700042172 /* StorageIndexPage.h */ = {isa = PBXFileReference; fileEncoding = 4; lastKnownFileType = sourcecode.c.h; path = StorageIndexPage.h; sourceTree = "<group>"; };
		5458B67C12B6552700042172 /* StorageJob.cpp */ = {isa = PBXFileReference; fileEncoding = 4; lastKnownFileType = sourcecode.cpp.cpp; path = StorageJob.cpp; sourceTree = "<group>"; };
		5458B67D12B6552700042172 /* StorageJob.h */ = {isa = PBXFileReference; fileEncoding = 4; lastKnownFileType = sourcecode.c.h; path = StorageJob.h; sourceTree = "<group>"; };
		5458B67E12B6552700042172 /* StorageKeyValue.h */ = {isa = PBXFileReference; fileEncoding = 4; lastKnownFileType = sourcecode.c.h; path = StorageKeyValue.h; sourceTree = "<group>"; };
		5458B68112B6552700042172 /* StorageMemoChunk.cpp */ = {isa = PBXFileReference; fileEncoding = 4; lastKnownFileType = sourcecode.cpp.cpp; path = StorageMemoChunk.cpp; sourceTree = "<group>"; };
		5458B68212B6552700042172 /* StorageMemoChunk.h */ = {isa = PBXFileReference; fileEncoding = 4; lastKnownFileType = sourcecode.c.h; path = StorageMemoChunk.h; sourceTree = "<group>"; };
		5458B68312B6552700042172 /* StorageMemoKeyValue.cpp */ = {isa = PBXFileReference; fileEncoding = 4; lastKnownFileType = sourcecode.cpp.cpp; path = StorageMemoKeyValue.cpp; sourceTree = "<group>"; };
		5458B68412B6552700042172 /* StorageMemoKeyValue.h */ = {isa = PBXFileReference; fileEncoding = 4; lastKnownFileType = sourcecode.c.h; path = StorageMemoKeyValue.h; sourceTree = "<group>"; };
		5458B68512B6552700042172 /* StoragePage.cpp */ = {isa = PBXFileReference; fileEncoding = 4; lastKnownFileType = sourcecode.cpp.cpp; path = StoragePage.cpp; sourceTree = "<group>"; };
		5458B68612B6552700042172 /* StoragePage.h */ = {isa = PBXFileReference; fileEncoding = 4; lastKnownFileType = sourcecode.c.h; path = StoragePage.h; sourceTree = "<group>"; };
		5458B68712B6552700042172 /* StorageShard.cpp */ = {isa = PBXFileReference; fileEncoding = 4; lastKnownFileType = sourcecode.cpp.cpp; path = StorageShard.cpp; sourceTree = "<group>"; };
		5458B68812B6552700042172 /* StorageShard.h */ = {isa = PBXFileReference; fileEncoding = 4; lastKnownFileType = sourcecode.c.h; path = StorageShard.h; sourceTree = "<group>"; };
		5458B68912B6552700042172 /* TODO.txt */ = {isa = PBXFileReference; fileEncoding = 4; lastKnownFileType = text; path = TODO.txt; sourceTree = "<group>"; };
		5458B6EA12B668F800042172 /* StorageEnvironmentWriter.h */ = {isa = PBXFileReference; fileEncoding = 4; lastKnownFileType = sourcecode.c.h; path = StorageEnvironmentWriter.h; sourceTree = "<group>"; };
		5458B6EB12B668F800042172 /* StorageEnvironmentWriter.cpp */ = {isa = PBXFileReference; fileEncoding = 4; lastKnownFileType = sourcecode.cpp.cpp; path = StorageEnvironmentWriter.cpp; sourceTree = "<group>"; };
		546E143B11DA0CF600867EE1 /* todo.txt */ = {isa = PBXFileReference; fileEncoding = 4; lastKnownFileType = text; path = todo.txt; sourceTree = "<group>"; };
		546E190411E4D61300867EE1 /* InPriorityQueue.h */ = {isa = PBXFileReference; fileEncoding = 4; lastKnownFileType = sourcecode.c.h; path = InPriorityQueue.h; sourceTree = "<group>"; };
		546E1FC611EC81B200867EE1 /* InList.h */ = {isa = PBXFileReference; fileEncoding = 4; lastKnownFileType = sourcecode.c.h; path = InList.h; sourceTree = "<group>"; };
		546E254C11EF5CF700867EE1 /* Buffer.cpp */ = {isa = PBXFileReference; fileEncoding = 4; lastKnownFileType = sourcecode.cpp.cpp; path = Buffer.cpp; sourceTree = "<group>"; };
		546E254D11EF5CF700867EE1 /* Buffer.h */ = {isa = PBXFileReference; fileEncoding = 4; lastKnownFileType = sourcecode.c.h; path = Buffer.h; sourceTree = "<group>"; };
		546E254E11EF5CF700867EE1 /* BufferPool.cpp */ = {isa = PBXFileReference; fileEncoding = 4; lastKnownFileType = sourcecode.cpp.cpp; path = BufferPool.cpp; sourceTree = "<group>"; };
		546E254F11EF5CF700867EE1 /* BufferPool.h */ = {isa = PBXFileReference; fileEncoding = 4; lastKnownFileType = sourcecode.c.h; path = BufferPool.h; sourceTree = "<group>"; };
		546E255011EF5CF700867EE1 /* ReadBuffer.cpp */ = {isa = PBXFileReference; fileEncoding = 4; lastKnownFileType = sourcecode.cpp.cpp; path = ReadBuffer.cpp; sourceTree = "<group>"; };
		546E255111EF5CF700867EE1 /* ReadBuffer.h */ = {isa = PBXFileReference; fileEncoding = 4; lastKnownFileType = sourcecode.c.h; path = ReadBuffer.h; sourceTree = "<group>"; };
		546E269811EF712900867EE1 /* Stopwatch.cpp */ = {isa = PBXFileReference; fileEncoding = 4; lastKnownFileType = sourcecode.cpp.cpp; path = Stopwatch.cpp; sourceTree = "<group>"; };
		546E26E811EF737A00867EE1 /* InSortedList.h */ = {isa = PBXFileReference; fileEncoding = 4; lastKnownFileType = sourcecode.c.h; path = InSortedList.h; sourceTree = "<group>"; };
		548F4F4212155BD80035ADDB /* Macros.h */ = {isa = PBXFileReference; fileEncoding = 4; lastKnownFileType = sourcecode.c.h; path = Macros.h; sourceTree = "<group>"; };
		548F509E12157A050035ADDB /* Formatting.h */ = {isa = PBXFileReference; fileEncoding = 4; lastKnownFileType = sourcecode.c.h; path = Formatting.h; sourceTree = "<group>"; };
		548F509F12157A050035ADDB /* Formatting.cpp */ = {isa = PBXFileReference; fileEncoding = 4; lastKnownFileType = sourcecode.cpp.cpp; path = Formatting.cpp; sourceTree = "<group>"; };
		54B3C9DE12B15A6000BC2171 /* BloomFilter.cpp */ = {isa = PBXFileReference; fileEncoding = 4; lastKnownFileType = sourcecode.cpp.cpp; path = BloomFilter.cpp; sourceTree = "<group>"; };
		54B3C9DF12B15A6000BC2171 /* BloomFilter.h */ = {isa = PBXFileReference; fileEncoding = 4; lastKnownFileType = sourcecode.c.h; path = BloomFilter.h; sourceTree = "<group>"; };
		54B7F74411BE5EF30076BC62 /* Common.cpp */ = {isa = PBXFileReference; fileEncoding = 4; lastKnownFileType = sourcecode.cpp.cpp; path = Common.cpp; sourceTree = "<group>"; };
		54B7F74511BE5EF30076BC62 /* Common.h */ = {isa = PBXFileReference; fileEncoding = 4; lastKnownFileType = sourcecode.c.h; path = Common.h; sourceTree = "<group>"; };
		54B7F74611BE5EF30076BC62 /* Config.cpp */ = {isa = PBXFileReference; fileEncoding = 4; lastKnownFileType = sourcecode.cpp.cpp; path = Config.cpp; sourceTree = "<group>"; };
		54B7F74711BE5EF30076BC62 /* Config.h */ = {isa = PBXFileReference; fileEncoding = 4; lastKnownFileType = sourcecode.c.h; path = Config.h; sourceTree = "<group>"; };
		54B7F74A11BE5EF30076BC62 /* List.h */ = {isa = PBXFileReference; fileEncoding = 4; lastKnownFileType = sourcecode.c.h; path = List.h; sourceTree = "<group>"; };
		54B7F74B11BE5EF30076BC62 /* InQueue.h */ = {isa = PBXFileReference; fileEncoding = 4; lastKnownFileType = sourcecode.c.h; path = InQueue.h; sourceTree = "<group>"; };
		54B7F74C11BE5EF30076BC62 /* SortedList.h */ = {isa = PBXFileReference; fileEncoding = 4; lastKnownFileType = sourcecode.c.h; path = SortedList.h; sourceTree = "<group>"; };
		54B7F74F11BE5EF30076BC62 /* EventLoop.cpp */ = {isa = PBXFileReference; fileEncoding = 4; lastKnownFileType = sourcecode.cpp.cpp; path = EventLoop.cpp; sourceTree = "<group>"; };
		54B7F75011BE5EF30076BC62 /* EventLoop.h */ = {isa = PBXFileReference; fileEncoding = 4; lastKnownFileType = sourcecode.c.h; path = EventLoop.h; sourceTree = "<group>"; };
		54B7F75111BE5EF30076BC62 /* Scheduler.cpp */ = {isa = PBXFileReference; fileEncoding = 4; lastKnownFileType = sourcecode.cpp.cpp; path = Scheduler.cpp; sourceTree = "<group>"; };
		54B7F75211BE5EF30076BC62 /* Scheduler.h */ = {isa = PBXFileReference; fileEncoding = 4; lastKnownFileType = sourcecode.c.h; path = Scheduler.h; sourceTree = "<group>"; };
		54B7F75311BE5EF30076BC62 /* Timer.h */ = {isa = PBXFileReference; fileEncoding = 4; lastKnownFileType = sourcecode.c.h; path = Timer.h; sourceTree = "<group>"; };
		54B7F75511BE5EF30076BC62 /* Endpoint.cpp */ = {isa = PBXFileReference; fileEncoding = 4; lastKnownFileType = sourcecode.cpp.cpp; path = Endpoint.cpp; sourceTree = "<group>"; };
		54B7F75611BE5EF30076BC62 /* Endpoint.h */ = {isa = PBXFileReference; fileEncoding = 4; lastKnownFileType = sourcecode.c.h; path = Endpoint.h; sourceTree = "<group>"; };
		54B7F75711BE5EF30076BC62 /* FD.h */ = {isa = PBXFileReference; fileEncoding = 4; lastKnownFileType = sourcecode.c.h; path = FD.h; sourceTree = "<group>"; };
		54B7F75811BE5EF30076BC62 /* IOOperation.h */ = {isa = PBXFileReference; fileEncoding = 4; lastKnownFileType = sourcecode.c.h; path = IOOperation.h; sourceTree = "<group>"; };
		54B7F75911BE5EF30076BC62 /* IOProcessor.h */ = {isa = PBXFileReference; fileEncoding = 4; lastKnownFileType = sourcecode.c.h; path = IOProcessor.h; sourceTree = "<group>"; };
		54B7F75A11BE5EF30076BC62 /* IOProcessor_Darwin.cpp */ = {isa = PBXFileReference; fileEncoding = 4; lastKnownFileType = sourcecode.cpp.cpp; path = IOProcessor_Darwin.cpp; sourceTree = "<group>"; };
		54B7F75B11BE5EF30076BC62 /* IOProcessor_Linux.cpp */ = {isa = PBXFileReference; fileEncoding = 4; lastKnownFileType = sourcecode.cpp.cpp; path = IOProcessor_Linux.cpp; sourceTree = "<group>"; };
		54B7F75C11BE5EF30076BC62 /* IOProcessor_Windows.cpp */ = {isa = PBXFileReference; fileEncoding = 4; lastKnownFileType = sourcecode.cpp.cpp; path = IOProcessor_Windows.cpp; sourceTree = "<group>"; };
		54B7F75E11BE5EF30076BC62 /* Socket.h */ = {isa = PBXFileReference; fileEncoding = 4; lastKnownFileType = sourcecode.c.h; path = Socket.h; sourceTree = "<group>"; };
		54B7F75F11BE5EF30076BC62 /* Socket_Posix.cpp */ = {isa = PBXFileReference; fileEncoding = 4; lastKnownFileType = sourcecode.cpp.cpp; path = Socket_Posix.cpp; sourceTree = "<group>"; };
		54B7F76011BE5EF30076BC62 /* Socket_Windows.cpp */ = {isa = PBXFileReference; fileEncoding = 4; lastKnownFileType = sourcecode.cpp.cpp; path = Socket_Windows.cpp; sourceTree = "<group>"; };
		54B7F76111BE5EF30076BC62 /* Log.cpp */ = {isa = PBXFileReference; fileEncoding = 4; lastKnownFileType = sourcecode.cpp.cpp; path = Log.cpp; sourceTree = "<group>"; };
		54B7F76211BE5EF30076BC62 /* Log.h */ = {isa = PBXFileReference; fileEncoding = 4; lastKnownFileType = sourcecode.c.h; path = Log.h; sourceTree = "<group>"; };
		54B7F76411BE5EF30076BC62 /* Platform.h */ = {isa = PBXFileReference; fileEncoding = 4; lastKnownFileType = sourcecode.c.h; path = Platform.h; sourceTree = "<group>"; };
		54B7F76511BE5EF30076BC62 /* Stopwatch.h */ = {isa = PBXFileReference; fileEncoding = 4; lastKnownFileType = sourcecode.c.h; path = Stopwatch.h; sourceTree = "<group>"; };
		54B7F76711BE5EF30076BC62 /* ThreadPool.h */ = {isa = PBXFileReference; fileEncoding = 4; lastKnownFileType = sourcecode.c.h; path = ThreadPool.h; sourceTree = "<group>"; };
		54B7F76811BE5EF30076BC62 /* ThreadPool_Posix.cpp */ = {isa = PBXFileReference; fileEncoding = 4; lastKnownFileType = sourcecode.cpp.cpp; path = ThreadPool_Posix.cpp; sourceTree = "<group>"; };
		54B7F76911BE5EF30076BC62 /* ThreadPool_Windows.cpp */ = {isa = PBXFileReference; fileEncoding = 4; lastKnownFileType = sourcecode.cpp.cpp; path = ThreadPool_Windows.cpp; sourceTree = "<group>"; };
		54B7F76D11BE5EF30076BC62 /* Version.h */ = {isa = PBXFileReference; fileEncoding = 4; lastKnownFileType = sourcecode.c.h; path = Version.h; sourceTree = "<group>"; };
		54B7F96011BE85950076BC62 /* Time.cpp */ = {isa = PBXFileReference; fileEncoding = 4; lastKnownFileType = sourcecode.cpp.cpp; path = Time.cpp; sourceTree = "<group>"; };
		54B7F96411BE85B10076BC62 /* Time.h */ = {isa = PBXFileReference; fileEncoding = 4; lastKnownFileType = sourcecode.c.h; path = Time.h; sourceTree = "<group>"; };
		54C9964C12B7AAC5002FAACC /* StorageLogSegment.cpp */ = {isa = PBXFileReference; fileEncoding = 4; lastKnownFileType = sourcecode.cpp.cpp; path = StorageLogSegment.cpp; sourceTree = "<group>"; };
		54C9964D12B7AAC5002FAACC /* StorageLogSegment.h */ = {isa = PBXFileReference; fileEncoding = 4; lastKnownFileType = sourcecode.c.h; path = StorageLogSegment.h; sourceTree = "<group>"; };
		54FA68F311C2422A00FF4EF6 /* Countdown.h */ = {isa = PBXFileReference; fileEncoding = 4; lastKnownFileType = sourcecode.c.h; path = Countdown.h; sourceTree = "<group>"; };
		54FA68F811C2429A00FF4EF6 /* Countdown.cpp */ = {isa = PBXFileReference; fileEncoding = 4; lastKnownFileType = sourcecode.cpp.cpp; path = Countdown.cpp; sourceTree = "<group>"; };
		54FA690A11C2435300FF4EF6 /* Timer.cpp */ = {isa = PBXFileReference; fileEncoding = 4; lastKnownFileType = sourcecode.cpp.cpp; path = Timer.cpp; sourceTree = "<group>"; };
		54FA6B0711C26CAB00FF4EF6 /* Main.cpp */ = {isa = PBXFileReference; fileEncoding = 4; lastKnownFileType = sourcecode.cpp.cpp; path = Main.cpp; sourceTree = "<group>"; };
		9A46BE48120850FB00D453E0 /* HashMap.h */ = {isa = PBXFileReference; fileEncoding = 4; lastKnownFileType = sourcecode.c.h; path = HashMap.h; sourceTree = "<group>"; };
		9A87370C1222DC77000B1319 /* InTreeMap.h */ = {isa = PBXFileReference; fileEncoding = 4; lastKnownFileType = sourcecode.c.h; path = InTreeMap.h; sourceTree = "<group>"; };
		9AABAD3812393327003626AC /* Deferred.h */ = {isa = PBXFileReference; fileEncoding = 4; lastKnownFileType = sourcecode.c.h; path = Deferred.h; sourceTree = "<group>"; };
		9AABB211123EA3AF003626AC /* ScalienDB */ = {isa = PBXFileReference; explicitFileType = "compiled.mach-o.executable"; includeInIndex = 0; path = ScalienDB; sourceTree = BUILT_PRODUCTS_DIR; };
		9AABB214123EA3AF003626AC /* TestMain */ = {isa = PBXFileReference; explicitFileType = "compiled.mach-o.executable"; includeInIndex = 0; path = TestMain; sourceTree = BUILT_PRODUCTS_DIR; };
		9AABC18D124EA494003626AC /* ArrayList.h */ = {isa = PBXFileReference; fileEncoding = 4; lastKnownFileType = sourcecode.c.h; path = ArrayList.h; sourceTree = "<group>"; };
		9ACF203D122E942900247703 /* FileSystem.h */ = {isa = PBXFileReference; fileEncoding = 4; lastKnownFileType = sourcecode.c.h; path = FileSystem.h; sourceTree = "<group>"; };
		9ACF203E122E942900247703 /* FileSystem.cpp */ = {isa = PBXFileReference; fileEncoding = 4; lastKnownFileType = sourcecode.cpp.cpp; path = FileSystem.cpp; sourceTree = "<group>"; };
/* End PBXFileReference section */

/* Begin PBXFrameworksBuildPhase section */
		8DD76F660486A84900D96B5E /* Frameworks */ = {
			isa = PBXFrameworksBuildPhase;
			buildActionMask = 2147483647;
			files = (
			);
			runOnlyForDeploymentPostprocessing = 0;
		};
		9AABB009123E5580003626AC /* Frameworks */ = {
			isa = PBXFrameworksBuildPhase;
			buildActionMask = 2147483647;
			files = (
			);
			runOnlyForDeploymentPostprocessing = 0;
		};
/* End PBXFrameworksBuildPhase section */

/* Begin PBXGroup section */
		08FB7794FE84155DC02AAC07 /* ScalienDB */ = {
			isa = PBXGroup;
			children = (
				08FB7795FE84155DC02AAC07 /* Source */,
				9AABB212123EA3AF003626AC /* Products */,
			);
			name = ScalienDB;
			sourceTree = "<group>";
		};
		08FB7795FE84155DC02AAC07 /* Source */ = {
			isa = PBXGroup;
			children = (
				54B7F74111BE5EF30076BC62 /* src */,
			);
			name = Source;
			sourceTree = "<group>";
		};
		541D7E6F11C64EB600A6CB16 /* Framework */ = {
			isa = PBXGroup;
			children = (
				5458B65E12B6552700042172 /* StorageNew */,
				54B3C9DF12B15A6000BC2171 /* BloomFilter.h */,
				54B3C9DE12B15A6000BC2171 /* BloomFilter.cpp */,
			);
			path = Framework;
			sourceTree = "<group>";
		};
		5458B65E12B6552700042172 /* StorageNew */ = {
			isa = PBXGroup;
			children = (
				54C9971D12B7B91B002FAACC /* Environment */,
				5458B70512B6781D00042172 /* Log */,
				5458B6E912B6689C00042172 /* KeyValues */,
				5458B6E812B6687100042172 /* Chunk */,
				5458B6E712B6683700042172 /* Pages */,
				5458B66012B6552700042172 /* FDGuard.cpp */,
				5458B66112B6552700042172 /* FDGuard.h */,
				5458B66212B6552700042172 /* PointerGuard.h */,
				5458B66F12B6552700042172 /* StorageConfig.h */,
				5458B66E12B6552700042172 /* StorageConfig.cpp */,
				5458B67D12B6552700042172 /* StorageJob.h */,
				5458B67C12B6552700042172 /* StorageJob.cpp */,
				5458B68812B6552700042172 /* StorageShard.h */,
				5458B68712B6552700042172 /* StorageShard.cpp */,
				5458B65F12B6552700042172 /* Biglog.txt */,
				5458B68912B6552700042172 /* TODO.txt */,
			);
			path = StorageNew;
			sourceTree = "<group>";
		};
		5458B6E712B6683700042172 /* Pages */ = {
			isa = PBXGroup;
			children = (
				5458B68612B6552700042172 /* StoragePage.h */,
				5458B68512B6552700042172 /* StoragePage.cpp */,
				5458B67912B6552700042172 /* StorageHeaderPage.h */,
				5458B67812B6552700042172 /* StorageHeaderPage.cpp */,
				5458B67112B6552700042172 /* StorageDataPage.h */,
				5458B67012B6552700042172 /* StorageDataPage.cpp */,
				5458B67B12B6552700042172 /* StorageIndexPage.h */,
				5458B67A12B6552700042172 /* StorageIndexPage.cpp */,
				5458B66412B6552700042172 /* StorageBloomPage.h */,
				5458B66312B6552700042172 /* StorageBloomPage.cpp */,
			);
			name = Pages;
			sourceTree = "<group>";
		};
		5458B6E812B6687100042172 /* Chunk */ = {
			isa = PBXGroup;
			children = (
				5458B66512B6552700042172 /* StorageChunk.h */,
				5458B68212B6552700042172 /* StorageMemoChunk.h */,
				5458B68112B6552700042172 /* StorageMemoChunk.cpp */,
				5458B67512B6552700042172 /* StorageFileChunk.h */,
				5458B67412B6552700042172 /* StorageFileChunk.cpp */,
				5458B66B12B6552700042172 /* StorageChunkSerializer.h */,
				5458B66A12B6552700042172 /* StorageChunkSerializer.cpp */,
				5458B66D12B6552700042172 /* StorageChunkWriter.h */,
				5458B66C12B6552700042172 /* StorageChunkWriter.cpp */,
			);
			name = Chunk;
			sourceTree = "<group>";
		};
		5458B6E912B6689C00042172 /* KeyValues */ = {
			isa = PBXGroup;
			children = (
				5458B67E12B6552700042172 /* StorageKeyValue.h */,
				5458B68412B6552700042172 /* StorageMemoKeyValue.h */,
				5458B68312B6552700042172 /* StorageMemoKeyValue.cpp */,
				5458B67712B6552700042172 /* StorageFileKeyValue.h */,
				5458B67612B6552700042172 /* StorageFileKeyValue.cpp */,
			);
			name = KeyValues;
			sourceTree = "<group>";
		};
		5458B70512B6781D00042172 /* Log */ = {
			isa = PBXGroup;
			children = (
				54C9964D12B7AAC5002FAACC /* StorageLogSegment.h */,
				54C9964C12B7AAC5002FAACC /* StorageLogSegment.cpp */,
			);
			name = Log;
			sourceTree = "<group>";
		};
		546E254B11EF5CF700867EE1 /* Buffers */ = {
			isa = PBXGroup;
			children = (
				546E255111EF5CF700867EE1 /* ReadBuffer.h */,
				546E255011EF5CF700867EE1 /* ReadBuffer.cpp */,
				546E254D11EF5CF700867EE1 /* Buffer.h */,
				546E254C11EF5CF700867EE1 /* Buffer.cpp */,
				546E254F11EF5CF700867EE1 /* BufferPool.h */,
				546E254E11EF5CF700867EE1 /* BufferPool.cpp */,
			);
			path = Buffers;
			sourceTree = "<group>";
		};
		54B7F74111BE5EF30076BC62 /* src */ = {
			isa = PBXGroup;
			children = (
				541D7E6F11C64EB600A6CB16 /* Framework */,
				54B7F74211BE5EF30076BC62 /* System */,
				54FA6B0711C26CAB00FF4EF6 /* Main.cpp */,
				54B7F76D11BE5EF30076BC62 /* Version.h */,
				546E143B11DA0CF600867EE1 /* todo.txt */,
			);
			path = src;
			sourceTree = "<group>";
		};
		54B7F74211BE5EF30076BC62 /* System */ = {
			isa = PBXGroup;
			children = (
				546E254B11EF5CF700867EE1 /* Buffers */,
				54B7F74811BE5EF30076BC62 /* Containers */,
				54B7F74D11BE5EF30076BC62 /* Events */,
				54B7F75411BE5EF30076BC62 /* IO */,
				548F4F4212155BD80035ADDB /* Macros.h */,
				548F509E12157A050035ADDB /* Formatting.h */,
				548F509F12157A050035ADDB /* Formatting.cpp */,
				54B7F74511BE5EF30076BC62 /* Common.h */,
				54B7F74411BE5EF30076BC62 /* Common.cpp */,
				54B7F74711BE5EF30076BC62 /* Config.h */,
				54B7F74611BE5EF30076BC62 /* Config.cpp */,
				54B7F76211BE5EF30076BC62 /* Log.h */,
				54B7F76111BE5EF30076BC62 /* Log.cpp */,
				54B7F76411BE5EF30076BC62 /* Platform.h */,
				54B7F76511BE5EF30076BC62 /* Stopwatch.h */,
				546E269811EF712900867EE1 /* Stopwatch.cpp */,
				54B7F76711BE5EF30076BC62 /* ThreadPool.h */,
				54B7F76811BE5EF30076BC62 /* ThreadPool_Posix.cpp */,
				54B7F76911BE5EF30076BC62 /* ThreadPool_Windows.cpp */,
				54B7F96411BE85B10076BC62 /* Time.h */,
				54B7F96011BE85950076BC62 /* Time.cpp */,
				9ACF203D122E942900247703 /* FileSystem.h */,
				9ACF203E122E942900247703 /* FileSystem.cpp */,
			);
			path = System;
			sourceTree = "<group>";
		};
		54B7F74811BE5EF30076BC62 /* Containers */ = {
			isa = PBXGroup;
			children = (
				9A46BE48120850FB00D453E0 /* HashMap.h */,
				54B7F74A11BE5EF30076BC62 /* List.h */,
				54B7F74C11BE5EF30076BC62 /* SortedList.h */,
				546E1FC611EC81B200867EE1 /* InList.h */,
				546E26E811EF737A00867EE1 /* InSortedList.h */,
				54B7F74B11BE5EF30076BC62 /* InQueue.h */,
				546E190411E4D61300867EE1 /* InPriorityQueue.h */,
				9A87370C1222DC77000B1319 /* InTreeMap.h */,
				9AABC18D124EA494003626AC /* ArrayList.h */,
			);
			path = Containers;
			sourceTree = "<group>";
		};
		54B7F74D11BE5EF30076BC62 /* Events */ = {
			isa = PBXGroup;
			children = (
				541D826411C7A17D00A6CB16 /* Callable.h */,
				54B7F75211BE5EF30076BC62 /* Scheduler.h */,
				54B7F75111BE5EF30076BC62 /* Scheduler.cpp */,
				54B7F75011BE5EF30076BC62 /* EventLoop.h */,
				54B7F74F11BE5EF30076BC62 /* EventLoop.cpp */,
				54B7F75311BE5EF30076BC62 /* Timer.h */,
				54FA690A11C2435300FF4EF6 /* Timer.cpp */,
				54FA68F311C2422A00FF4EF6 /* Countdown.h */,
				54FA68F811C2429A00FF4EF6 /* Countdown.cpp */,
				9AABAD3812393327003626AC /* Deferred.h */,
			);
			path = Events;
			sourceTree = "<group>";
		};
		54B7F75411BE5EF30076BC62 /* IO */ = {
			isa = PBXGroup;
			children = (
				54B7F75611BE5EF30076BC62 /* Endpoint.h */,
				54B7F75511BE5EF30076BC62 /* Endpoint.cpp */,
				54B7F75711BE5EF30076BC62 /* FD.h */,
				54B7F75811BE5EF30076BC62 /* IOOperation.h */,
				54B7F75911BE5EF30076BC62 /* IOProcessor.h */,
				54B7F75A11BE5EF30076BC62 /* IOProcessor_Darwin.cpp */,
				54B7F75B11BE5EF30076BC62 /* IOProcessor_Linux.cpp */,
				54B7F75C11BE5EF30076BC62 /* IOProcessor_Windows.cpp */,
				54B7F75E11BE5EF30076BC62 /* Socket.h */,
				54B7F75F11BE5EF30076BC62 /* Socket_Posix.cpp */,
				54B7F76011BE5EF30076BC62 /* Socket_Windows.cpp */,
			);
			path = IO;
			sourceTree = "<group>";
		};
		54C9971D12B7B91B002FAACC /* Environment */ = {
			isa = PBXGroup;
			children = (
				5458B67312B6552700042172 /* StorageEnvironment.h */,
				5458B67212B6552700042172 /* StorageEnvironment.cpp */,
				5458B6EA12B668F800042172 /* StorageEnvironmentWriter.h */,
				5458B6EB12B668F800042172 /* StorageEnvironmentWriter.cpp */,
			);
			name = Environment;
			sourceTree = "<group>";
		};
		9AABB212123EA3AF003626AC /* Products */ = {
			isa = PBXGroup;
			children = (
				9AABB211123EA3AF003626AC /* ScalienDB */,
				9AABB214123EA3AF003626AC /* TestMain */,
			);
			name = Products;
			sourceTree = "<group>";
		};
/* End PBXGroup section */

/* Begin PBXNativeTarget section */
		8DD76F620486A84900D96B5E /* ScalienDB */ = {
			isa = PBXNativeTarget;
			buildConfigurationList = 1DEB923108733DC60010E9CD /* Build configuration list for PBXNativeTarget "ScalienDB" */;
			buildPhases = (
				8DD76F640486A84900D96B5E /* Sources */,
				8DD76F660486A84900D96B5E /* Frameworks */,
				8DD76F690486A84900D96B5E /* CopyFiles */,
			);
			buildRules = (
			);
			dependencies = (
			);
			name = ScalienDB;
			productInstallPath = "$(HOME)/bin";
			productName = ScalienDB;
			productReference = 9AABB211123EA3AF003626AC /* ScalienDB */;
			productType = "com.apple.product-type.tool";
		};
		9AABB00A123E5580003626AC /* TestMain */ = {
			isa = PBXNativeTarget;
			buildConfigurationList = 9AABB010123E55BA003626AC /* Build configuration list for PBXNativeTarget "TestMain" */;
			buildPhases = (
				9AABB008123E5580003626AC /* Sources */,
				9AABB009123E5580003626AC /* Frameworks */,
			);
			buildRules = (
			);
			dependencies = (
			);
			name = TestMain;
			productName = TestMain;
			productReference = 9AABB214123EA3AF003626AC /* TestMain */;
			productType = "com.apple.product-type.tool";
		};
/* End PBXNativeTarget section */

/* Begin PBXProject section */
		08FB7793FE84155DC02AAC07 /* Project object */ = {
			isa = PBXProject;
			buildConfigurationList = 1DEB923508733DC60010E9CD /* Build configuration list for PBXProject "ScalienDB" */;
			compatibilityVersion = "Xcode 3.1";
			hasScannedForEncodings = 1;
			knownRegions = (
				English,
				Japanese,
				French,
				German,
			);
			mainGroup = 08FB7794FE84155DC02AAC07 /* ScalienDB */;
			productRefGroup = 9AABB212123EA3AF003626AC /* Products */;
			projectDirPath = "";
			projectRoot = "";
			targets = (
				8DD76F620486A84900D96B5E /* ScalienDB */,
				9AABB00A123E5580003626AC /* TestMain */,
			);
		};
/* End PBXProject section */

/* Begin PBXSourcesBuildPhase section */
		8DD76F640486A84900D96B5E /* Sources */ = {
			isa = PBXSourcesBuildPhase;
			buildActionMask = 2147483647;
			files = (
				54B7F76E11BE5EF30076BC62 /* Common.cpp in Sources */,
				54B7F77111BE5EF30076BC62 /* Scheduler.cpp in Sources */,
				54B7F77411BE5EF30076BC62 /* IOProcessor_Linux.cpp in Sources */,
				54B7F77511BE5EF30076BC62 /* IOProcessor_Windows.cpp in Sources */,
				54B7F77811BE5EF30076BC62 /* Socket_Windows.cpp in Sources */,
				54B7F77911BE5EF30076BC62 /* Log.cpp in Sources */,
				54B7F77C11BE5EF30076BC62 /* ThreadPool_Posix.cpp in Sources */,
				54B7F77D11BE5EF30076BC62 /* ThreadPool_Windows.cpp in Sources */,
				54B7F96111BE85950076BC62 /* Time.cpp in Sources */,
				54FA68EC11C241EF00FF4EF6 /* EventLoop.cpp in Sources */,
				54FA68F911C2429A00FF4EF6 /* Countdown.cpp in Sources */,
				54FA690B11C2435300FF4EF6 /* Timer.cpp in Sources */,
				54FA692B11C244C100FF4EF6 /* Endpoint.cpp in Sources */,
				54FA694411C2458200FF4EF6 /* IOProcessor_Darwin.cpp in Sources */,
				54FA694511C2458A00FF4EF6 /* Socket_Posix.cpp in Sources */,
				54FA695F11C259DF00FF4EF6 /* Config.cpp in Sources */,
				54FA6B0811C26CAB00FF4EF6 /* Main.cpp in Sources */,
				546E255211EF5CF700867EE1 /* Buffer.cpp in Sources */,
				546E255311EF5CF700867EE1 /* BufferPool.cpp in Sources */,
				546E255411EF5CF700867EE1 /* ReadBuffer.cpp in Sources */,
				546E269911EF712900867EE1 /* Stopwatch.cpp in Sources */,
				548F50A012157A050035ADDB /* Formatting.cpp in Sources */,
				9ACF203F122E942900247703 /* FileSystem.cpp in Sources */,
				54B3C9E012B15A6000BC2171 /* BloomFilter.cpp in Sources */,
				5458B68A12B6552700042172 /* FDGuard.cpp in Sources */,
				5458B68B12B6552700042172 /* StorageBloomPage.cpp in Sources */,
				5458B68E12B6552700042172 /* StorageChunkSerializer.cpp in Sources */,
				5458B68F12B6552700042172 /* StorageChunkWriter.cpp in Sources */,
				5458B69012B6552700042172 /* StorageConfig.cpp in Sources */,
				5458B69112B6552700042172 /* StorageDataPage.cpp in Sources */,
				5458B69212B6552700042172 /* StorageEnvironment.cpp in Sources */,
				5458B69312B6552700042172 /* StorageFileChunk.cpp in Sources */,
				5458B69412B6552700042172 /* StorageFileKeyValue.cpp in Sources */,
				5458B69512B6552700042172 /* StorageHeaderPage.cpp in Sources */,
				5458B69612B6552700042172 /* StorageIndexPage.cpp in Sources */,
				5458B69712B6552700042172 /* StorageJob.cpp in Sources */,
				5458B69912B6552700042172 /* StorageMemoChunk.cpp in Sources */,
				5458B69A12B6552700042172 /* StorageMemoKeyValue.cpp in Sources */,
				5458B69B12B6552700042172 /* StoragePage.cpp in Sources */,
				5458B69C12B6552700042172 /* StorageShard.cpp in Sources */,
				5458B6EC12B668F800042172 /* StorageEnvironmentWriter.cpp in Sources */,
				54C9964E12B7AAC5002FAACC /* StorageLogSegment.cpp in Sources */,
			);
			runOnlyForDeploymentPostprocessing = 0;
		};
		9AABB008123E5580003626AC /* Sources */ = {
			isa = PBXSourcesBuildPhase;
			buildActionMask = 2147483647;
			files = (
				9AABB04C123E55DE003626AC /* ReadBuffer.cpp in Sources */,
				9AABB04D123E55DE003626AC /* Buffer.cpp in Sources */,
				9AABB04E123E55DE003626AC /* BufferPool.cpp in Sources */,
				9AABB04F123E55DE003626AC /* Scheduler.cpp in Sources */,
				9AABB050123E55DE003626AC /* EventLoop.cpp in Sources */,
				9AABB051123E55DE003626AC /* Timer.cpp in Sources */,
				9AABB052123E55DE003626AC /* Countdown.cpp in Sources */,
				9AABB053123E55DE003626AC /* Endpoint.cpp in Sources */,
				9AABB054123E55DE003626AC /* IOProcessor_Darwin.cpp in Sources */,
				9AABB055123E55DE003626AC /* Socket_Posix.cpp in Sources */,
				9AABB056123E55DE003626AC /* Formatting.cpp in Sources */,
				9AABB057123E55DE003626AC /* Common.cpp in Sources */,
				9AABB058123E55DE003626AC /* Config.cpp in Sources */,
				9AABB059123E55DE003626AC /* Log.cpp in Sources */,
				9AABB05A123E55DE003626AC /* Stopwatch.cpp in Sources */,
				9AABB05B123E55DE003626AC /* ThreadPool_Posix.cpp in Sources */,
				9AABB05C123E55DE003626AC /* Time.cpp in Sources */,
				9AABB05D123E55DE003626AC /* FileSystem.cpp in Sources */,
			);
			runOnlyForDeploymentPostprocessing = 0;
		};
/* End PBXSourcesBuildPhase section */

/* Begin XCBuildConfiguration section */
		1DEB923208733DC60010E9CD /* Debug */ = {
			isa = XCBuildConfiguration;
			buildSettings = {
				ALWAYS_SEARCH_USER_PATHS = NO;
				ARCHS = "$(NATIVE_ARCH_ACTUAL)";
				COPY_PHASE_STRIP = NO;
				GCC_DYNAMIC_NO_PIC = NO;
				GCC_ENABLE_FIX_AND_CONTINUE = YES;
				GCC_MODEL_TUNING = G5;
				GCC_OPTIMIZATION_LEVEL = 0;
				GCC_PREPROCESSOR_DEFINITIONS = "";
				GCC_WARN_CHECK_SWITCH_STATEMENTS = YES;
				GCC_WARN_SIGN_COMPARE = YES;
				GCC_WARN_TYPECHECK_CALLS_TO_PRINTF = YES;
				GCC_WARN_UNUSED_FUNCTION = YES;
				GCC_WARN_UNUSED_LABEL = YES;
				GCC_WARN_UNUSED_PARAMETER = YES;
				GCC_WARN_UNUSED_VALUE = YES;
				HEADER_SEARCH_PATHS = src;
				INSTALL_PATH = /usr/local/bin;
				LIBRARY_SEARCH_PATHS = "";
				OTHER_CPLUSPLUSFLAGS = (
					"-DPLATFORM_DARWIN",
					"-D__STDC_FORMAT_MACROS",
					"-DDEBUG",
				);
				PRELINK_LIBS = "";
				PRODUCT_NAME = ScalienDB;
			};
			name = Debug;
		};
		1DEB923308733DC60010E9CD /* Release */ = {
			isa = XCBuildConfiguration;
			buildSettings = {
				ALWAYS_SEARCH_USER_PATHS = NO;
				ARCHS = "$(NATIVE_ARCH_ACTUAL)";
				DEBUG_INFORMATION_FORMAT = "dwarf-with-dsym";
				GCC_MODEL_TUNING = G5;
				GCC_WARN_CHECK_SWITCH_STATEMENTS = YES;
				GCC_WARN_SIGN_COMPARE = YES;
				GCC_WARN_TYPECHECK_CALLS_TO_PRINTF = YES;
				GCC_WARN_UNUSED_FUNCTION = YES;
				GCC_WARN_UNUSED_LABEL = YES;
				GCC_WARN_UNUSED_PARAMETER = YES;
				GCC_WARN_UNUSED_VALUE = YES;
				HEADER_SEARCH_PATHS = src;
				INSTALL_PATH = /usr/local/bin;
				LIBRARY_SEARCH_PATHS = "";
				OTHER_CPLUSPLUSFLAGS = (
					"-DPLATFORM_DARWIN",
					"-D__STDC_FORMAT_MACROS",
				);
				PRELINK_LIBS = "";
				PRODUCT_NAME = ScalienDB;
			};
			name = Release;
		};
		1DEB923608733DC60010E9CD /* Debug */ = {
			isa = XCBuildConfiguration;
			buildSettings = {
				ALWAYS_SEARCH_USER_PATHS = NO;
				ARCHS = "$(NATIVE_ARCH_ACTUAL)";
				GCC_C_LANGUAGE_STANDARD = "compiler-default";
				GCC_OPTIMIZATION_LEVEL = 0;
				GCC_TREAT_WARNINGS_AS_ERRORS = NO;
				GCC_USE_GCC3_PFE_SUPPORT = NO;
				GCC_USE_STANDARD_INCLUDE_SEARCHING = YES;
				GCC_WARN_ABOUT_RETURN_TYPE = YES;
				GCC_WARN_CHECK_SWITCH_STATEMENTS = YES;
				GCC_WARN_SIGN_COMPARE = YES;
				GCC_WARN_TYPECHECK_CALLS_TO_PRINTF = YES;
				GCC_WARN_UNUSED_FUNCTION = YES;
				GCC_WARN_UNUSED_LABEL = YES;
				GCC_WARN_UNUSED_PARAMETER = YES;
				GCC_WARN_UNUSED_VALUE = YES;
				GCC_WARN_UNUSED_VARIABLE = YES;
				HEADER_SEARCH_PATHS = src;
				LIBRARY_SEARCH_PATHS = "";
				ONLY_ACTIVE_ARCH = NO;
				OTHER_CPLUSPLUSFLAGS = (
					"-DPLATFORM_DARWIN",
					"-D__STDC_FORMAT_MACROS",
				);
				PREBINDING = NO;
				PRECOMPS_INCLUDE_HEADERS_FROM_BUILT_PRODUCTS_DIR = YES;
				SCAN_ALL_SOURCE_FILES_FOR_INCLUDES = NO;
				SDKROOT = macosx10.5;
				USER_HEADER_SEARCH_PATHS = "";
			};
			name = Debug;
		};
		1DEB923708733DC60010E9CD /* Release */ = {
			isa = XCBuildConfiguration;
			buildSettings = {
				ARCHS = "$(NATIVE_ARCH_ACTUAL)";
				GCC_C_LANGUAGE_STANDARD = c99;
				GCC_TREAT_IMPLICIT_FUNCTION_DECLARATIONS_AS_ERRORS = YES;
				GCC_TREAT_WARNINGS_AS_ERRORS = NO;
				GCC_USE_GCC3_PFE_SUPPORT = NO;
				GCC_VERSION = "";
				GCC_WARN_64_TO_32_BIT_CONVERSION = YES;
				GCC_WARN_ABOUT_GLOBAL_CONSTRUCTORS = YES;
				GCC_WARN_ABOUT_MISSING_FIELD_INITIALIZERS = YES;
				GCC_WARN_ABOUT_MISSING_NEWLINE = YES;
				GCC_WARN_ABOUT_MISSING_PROTOTYPES = YES;
				GCC_WARN_ABOUT_RETURN_TYPE = YES;
				GCC_WARN_CHECK_SWITCH_STATEMENTS = YES;
				GCC_WARN_EFFECTIVE_CPLUSPLUS_VIOLATIONS = YES;
				GCC_WARN_FOUR_CHARACTER_CONSTANTS = YES;
				GCC_WARN_HIDDEN_VIRTUAL_FUNCTIONS = YES;
				GCC_WARN_INITIALIZER_NOT_FULLY_BRACKETED = YES;
				GCC_WARN_MISSING_PARENTHESES = YES;
				GCC_WARN_MULTIPLE_DEFINITION_TYPES_FOR_SELECTOR = YES;
				GCC_WARN_NON_VIRTUAL_DESTRUCTOR = YES;
				GCC_WARN_PEDANTIC = NO;
				GCC_WARN_PROTOTYPE_CONVERSION = YES;
				GCC_WARN_SHADOW = YES;
				GCC_WARN_SIGN_COMPARE = YES;
				GCC_WARN_STRICT_SELECTOR_MATCH = YES;
				GCC_WARN_TYPECHECK_CALLS_TO_PRINTF = YES;
				GCC_WARN_UNINITIALIZED_AUTOS = YES;
				GCC_WARN_UNUSED_FUNCTION = YES;
				GCC_WARN_UNUSED_LABEL = YES;
				GCC_WARN_UNUSED_PARAMETER = YES;
				GCC_WARN_UNUSED_VALUE = YES;
				GCC_WARN_UNUSED_VARIABLE = YES;
				HEADER_SEARCH_PATHS = src;
				LIBRARY_SEARCH_PATHS = "";
				ONLY_ACTIVE_ARCH = NO;
				OTHER_CPLUSPLUSFLAGS = (
					"-DPLATFORM_DARWIN",
					"-D__STDC_FORMAT_MACROS",
				);
				PREBINDING = NO;
				RUN_CLANG_STATIC_ANALYZER = NO;
				SDKROOT = macosx10.5;
			};
			name = Release;
		};
		9AABB00D123E5581003626AC /* Debug */ = {
			isa = XCBuildConfiguration;
			buildSettings = {
				ALWAYS_SEARCH_USER_PATHS = NO;
				COPY_PHASE_STRIP = NO;
				GCC_DYNAMIC_NO_PIC = NO;
				GCC_ENABLE_FIX_AND_CONTINUE = YES;
				GCC_MODEL_TUNING = G5;
				GCC_OPTIMIZATION_LEVEL = 0;
				INSTALL_PATH = /usr/local/bin;
				OTHER_CPLUSPLUSFLAGS = (
					"-DPLATFORM_DARWIN",
					"-D__STDC_FORMAT_MACROS",
					"-DTEST",
					"-DDEBUG",
				);
				PREBINDING = NO;
				PRODUCT_NAME = TestMain;
			};
			name = Debug;
		};
		9AABB00E123E5581003626AC /* Release */ = {
			isa = XCBuildConfiguration;
			buildSettings = {
				ALWAYS_SEARCH_USER_PATHS = NO;
				COPY_PHASE_STRIP = YES;
				DEBUG_INFORMATION_FORMAT = "dwarf-with-dsym";
				GCC_ENABLE_FIX_AND_CONTINUE = NO;
				GCC_MODEL_TUNING = G5;
				INSTALL_PATH = /usr/local/bin;
				OTHER_CPLUSPLUSFLAGS = (
					"-DPLATFORM_DARWIN",
					"-D__STDC_FORMAT_MACROS",
					"-DTEST",
				);
				PREBINDING = NO;
				PRODUCT_NAME = TestMain;
				ZERO_LINK = NO;
			};
			name = Release;
		};
/* End XCBuildConfiguration section */

/* Begin XCConfigurationList section */
		1DEB923108733DC60010E9CD /* Build configuration list for PBXNativeTarget "ScalienDB" */ = {
			isa = XCConfigurationList;
			buildConfigurations = (
				1DEB923208733DC60010E9CD /* Debug */,
				1DEB923308733DC60010E9CD /* Release */,
			);
			defaultConfigurationIsVisible = 0;
			defaultConfigurationName = Release;
		};
		1DEB923508733DC60010E9CD /* Build configuration list for PBXProject "ScalienDB" */ = {
			isa = XCConfigurationList;
			buildConfigurations = (
				1DEB923608733DC60010E9CD /* Debug */,
				1DEB923708733DC60010E9CD /* Release */,
			);
			defaultConfigurationIsVisible = 0;
			defaultConfigurationName = Release;
		};
		9AABB010123E55BA003626AC /* Build configuration list for PBXNativeTarget "TestMain" */ = {
			isa = XCConfigurationList;
			buildConfigurations = (
				9AABB00D123E5581003626AC /* Debug */,
				9AABB00E123E5581003626AC /* Release */,
			);
			defaultConfigurationIsVisible = 0;
			defaultConfigurationName = Release;
		};
/* End XCConfigurationList section */
	};
	rootObject = 08FB7793FE84155DC02AAC07 /* Project object */;
}
