// !$*UTF8*$!
{
	archiveVersion = 1;
	classes = {
	};
	objectVersion = 45;
	objects = {

/* Begin PBXBuildFile section */
		541D805811C6806B00A6CB16 /* TCPConn.cpp in Sources */ = {isa = PBXBuildFile; fileRef = 541D805711C6806B00A6CB16 /* TCPConn.cpp */; };
		541D860811C7D6B800A6CB16 /* TCPReader.cpp in Sources */ = {isa = PBXBuildFile; fileRef = 541D860411C7D6B800A6CB16 /* TCPReader.cpp */; };
		541D860911C7D6B800A6CB16 /* TCPWriter.cpp in Sources */ = {isa = PBXBuildFile; fileRef = 541D860611C7D6B800A6CB16 /* TCPWriter.cpp */; };
		541D868B11C7D8E400A6CB16 /* PaxosLease.cpp in Sources */ = {isa = PBXBuildFile; fileRef = 541D867F11C7D8E400A6CB16 /* PaxosLease.cpp */; };
		541D868C11C7D8E400A6CB16 /* PaxosLeaseAcceptor.cpp in Sources */ = {isa = PBXBuildFile; fileRef = 541D868111C7D8E400A6CB16 /* PaxosLeaseAcceptor.cpp */; };
		541D868D11C7D8E400A6CB16 /* PaxosLeaseLearner.cpp in Sources */ = {isa = PBXBuildFile; fileRef = 541D868411C7D8E400A6CB16 /* PaxosLeaseLearner.cpp */; };
		541D868E11C7D8E400A6CB16 /* PaxosLeaseMessage.cpp in Sources */ = {isa = PBXBuildFile; fileRef = 541D868611C7D8E400A6CB16 /* PaxosLeaseMessage.cpp */; };
		541D868F11C7D8E400A6CB16 /* PaxosLeaseProposer.cpp in Sources */ = {isa = PBXBuildFile; fileRef = 541D868811C7D8E400A6CB16 /* PaxosLeaseProposer.cpp */; };
		546E119511D8F4C800867EE1 /* SingleQuorum.cpp in Sources */ = {isa = PBXBuildFile; fileRef = 546E119411D8F4C800867EE1 /* SingleQuorum.cpp */; };
		546E119811D8F4D300867EE1 /* DoubleQuorum.cpp in Sources */ = {isa = PBXBuildFile; fileRef = 546E119711D8F4D300867EE1 /* DoubleQuorum.cpp */; };
		546E14AE11DA2A7500867EE1 /* ReplicationManager.cpp in Sources */ = {isa = PBXBuildFile; fileRef = 546E14AD11DA2A7500867EE1 /* ReplicationManager.cpp */; };
		54B7F76E11BE5EF30076BC62 /* Common.cpp in Sources */ = {isa = PBXBuildFile; fileRef = 54B7F74411BE5EF30076BC62 /* Common.cpp */; };
		54B7F77111BE5EF30076BC62 /* Scheduler.cpp in Sources */ = {isa = PBXBuildFile; fileRef = 54B7F75111BE5EF30076BC62 /* Scheduler.cpp */; };
		54B7F77411BE5EF30076BC62 /* IOProcessor_Linux.cpp in Sources */ = {isa = PBXBuildFile; fileRef = 54B7F75B11BE5EF30076BC62 /* IOProcessor_Linux.cpp */; };
		54B7F77511BE5EF30076BC62 /* IOProcessor_Windows.cpp in Sources */ = {isa = PBXBuildFile; fileRef = 54B7F75C11BE5EF30076BC62 /* IOProcessor_Windows.cpp */; };
		54B7F77811BE5EF30076BC62 /* Socket_Windows.cpp in Sources */ = {isa = PBXBuildFile; fileRef = 54B7F76011BE5EF30076BC62 /* Socket_Windows.cpp */; };
		54B7F77911BE5EF30076BC62 /* Log.cpp in Sources */ = {isa = PBXBuildFile; fileRef = 54B7F76111BE5EF30076BC62 /* Log.cpp */; };
		54B7F77C11BE5EF30076BC62 /* ThreadPool_Posix.cpp in Sources */ = {isa = PBXBuildFile; fileRef = 54B7F76811BE5EF30076BC62 /* ThreadPool_Posix.cpp */; };
		54B7F77D11BE5EF30076BC62 /* ThreadPool_Windows.cpp in Sources */ = {isa = PBXBuildFile; fileRef = 54B7F76911BE5EF30076BC62 /* ThreadPool_Windows.cpp */; };
		54B7F96111BE85950076BC62 /* Time.cpp in Sources */ = {isa = PBXBuildFile; fileRef = 54B7F96011BE85950076BC62 /* Time.cpp */; };
		54FA668A11C10D7800FF4EF6 /* ByteString.cpp in Sources */ = {isa = PBXBuildFile; fileRef = 54FA668911C10D7800FF4EF6 /* ByteString.cpp */; };
		54FA669011C10DA600FF4EF6 /* ByteBuffer.cpp in Sources */ = {isa = PBXBuildFile; fileRef = 54FA668F11C10DA600FF4EF6 /* ByteBuffer.cpp */; };
		54FA669511C10DCE00FF4EF6 /* ByteWrap.cpp in Sources */ = {isa = PBXBuildFile; fileRef = 54FA669411C10DCE00FF4EF6 /* ByteWrap.cpp */; };
		54FA68EC11C241EF00FF4EF6 /* EventLoop.cpp in Sources */ = {isa = PBXBuildFile; fileRef = 54B7F74F11BE5EF30076BC62 /* EventLoop.cpp */; };
		54FA68F911C2429A00FF4EF6 /* CdownTimer.cpp in Sources */ = {isa = PBXBuildFile; fileRef = 54FA68F811C2429A00FF4EF6 /* CdownTimer.cpp */; };
		54FA690B11C2435300FF4EF6 /* Timer.cpp in Sources */ = {isa = PBXBuildFile; fileRef = 54FA690A11C2435300FF4EF6 /* Timer.cpp */; };
		54FA692B11C244C100FF4EF6 /* Endpoint.cpp in Sources */ = {isa = PBXBuildFile; fileRef = 54B7F75511BE5EF30076BC62 /* Endpoint.cpp */; };
		54FA694411C2458200FF4EF6 /* IOProcessor_Darwin.cpp in Sources */ = {isa = PBXBuildFile; fileRef = 54B7F75A11BE5EF30076BC62 /* IOProcessor_Darwin.cpp */; };
		54FA694511C2458A00FF4EF6 /* Socket_Posix.cpp in Sources */ = {isa = PBXBuildFile; fileRef = 54B7F75F11BE5EF30076BC62 /* Socket_Posix.cpp */; };
		54FA695F11C259DF00FF4EF6 /* Config.cpp in Sources */ = {isa = PBXBuildFile; fileRef = 54B7F74611BE5EF30076BC62 /* Config.cpp */; };
		54FA6B0811C26CAB00FF4EF6 /* Main.cpp in Sources */ = {isa = PBXBuildFile; fileRef = 54FA6B0711C26CAB00FF4EF6 /* Main.cpp */; };
		8DD76F6A0486A84900D96B5E /* Rowscale.1 in CopyFiles */ = {isa = PBXBuildFile; fileRef = C6859E8B029090EE04C91782 /* Rowscale.1 */; };
		9A0C20D411C7C48600510AB4 /* libdb_cxx-4.6.dylib in Frameworks */ = {isa = PBXBuildFile; fileRef = 9A0C20D311C7C48600510AB4 /* libdb_cxx-4.6.dylib */; };
/* End PBXBuildFile section */

/* Begin PBXCopyFilesBuildPhase section */
		8DD76F690486A84900D96B5E /* CopyFiles */ = {
			isa = PBXCopyFilesBuildPhase;
			buildActionMask = 8;
			dstPath = /usr/share/man/man1/;
			dstSubfolderSpec = 0;
			files = (
				8DD76F6A0486A84900D96B5E /* Rowscale.1 in CopyFiles */,
			);
			runOnlyForDeploymentPostprocessing = 1;
		};
/* End PBXCopyFilesBuildPhase section */

/* Begin PBXFileReference section */
		541D7E7111C64EB600A6CB16 /* TCPConn.h */ = {isa = PBXFileReference; fileEncoding = 4; lastKnownFileType = sourcecode.c.h; path = TCPConn.h; sourceTree = "<group>"; };
		541D7E7311C64EB600A6CB16 /* TCPServer.h */ = {isa = PBXFileReference; fileEncoding = 4; lastKnownFileType = sourcecode.c.h; path = TCPServer.h; sourceTree = "<group>"; };
		541D7E8D11C650FA00A6CB16 /* MessageConn.h */ = {isa = PBXFileReference; fileEncoding = 4; lastKnownFileType = sourcecode.c.h; path = MessageConn.h; sourceTree = "<group>"; };
		541D805711C6806B00A6CB16 /* TCPConn.cpp */ = {isa = PBXFileReference; fileEncoding = 4; lastKnownFileType = sourcecode.cpp.cpp; path = TCPConn.cpp; sourceTree = "<group>"; };
		541D826411C7A17D00A6CB16 /* Callable.h */ = {isa = PBXFileReference; fileEncoding = 4; lastKnownFileType = sourcecode.c.h; path = Callable.h; sourceTree = "<group>"; };
		541D860411C7D6B800A6CB16 /* TCPReader.cpp */ = {isa = PBXFileReference; fileEncoding = 4; lastKnownFileType = sourcecode.cpp.cpp; path = TCPReader.cpp; sourceTree = "<group>"; };
		541D860511C7D6B800A6CB16 /* TCPReader.h */ = {isa = PBXFileReference; fileEncoding = 4; lastKnownFileType = sourcecode.c.h; path = TCPReader.h; sourceTree = "<group>"; };
		541D860611C7D6B800A6CB16 /* TCPWriter.cpp */ = {isa = PBXFileReference; fileEncoding = 4; lastKnownFileType = sourcecode.cpp.cpp; path = TCPWriter.cpp; sourceTree = "<group>"; };
		541D860711C7D6B800A6CB16 /* TCPWriter.h */ = {isa = PBXFileReference; fileEncoding = 4; lastKnownFileType = sourcecode.c.h; path = TCPWriter.h; sourceTree = "<group>"; };
		541D867F11C7D8E400A6CB16 /* PaxosLease.cpp */ = {isa = PBXFileReference; fileEncoding = 4; lastKnownFileType = sourcecode.cpp.cpp; path = PaxosLease.cpp; sourceTree = "<group>"; };
		541D868011C7D8E400A6CB16 /* PaxosLease.h */ = {isa = PBXFileReference; fileEncoding = 4; lastKnownFileType = sourcecode.c.h; path = PaxosLease.h; sourceTree = "<group>"; };
		541D868111C7D8E400A6CB16 /* PaxosLeaseAcceptor.cpp */ = {isa = PBXFileReference; fileEncoding = 4; lastKnownFileType = sourcecode.cpp.cpp; path = PaxosLeaseAcceptor.cpp; sourceTree = "<group>"; };
		541D868211C7D8E400A6CB16 /* PaxosLeaseAcceptor.h */ = {isa = PBXFileReference; fileEncoding = 4; lastKnownFileType = sourcecode.c.h; path = PaxosLeaseAcceptor.h; sourceTree = "<group>"; };
		541D868411C7D8E400A6CB16 /* PaxosLeaseLearner.cpp */ = {isa = PBXFileReference; fileEncoding = 4; lastKnownFileType = sourcecode.cpp.cpp; path = PaxosLeaseLearner.cpp; sourceTree = "<group>"; };
		541D868511C7D8E400A6CB16 /* PaxosLeaseLearner.h */ = {isa = PBXFileReference; fileEncoding = 4; lastKnownFileType = sourcecode.c.h; path = PaxosLeaseLearner.h; sourceTree = "<group>"; };
		541D868611C7D8E400A6CB16 /* PaxosLeaseMessage.cpp */ = {isa = PBXFileReference; fileEncoding = 4; lastKnownFileType = sourcecode.cpp.cpp; path = PaxosLeaseMessage.cpp; sourceTree = "<group>"; };
		541D868711C7D8E400A6CB16 /* PaxosLeaseMessage.h */ = {isa = PBXFileReference; fileEncoding = 4; lastKnownFileType = sourcecode.c.h; path = PaxosLeaseMessage.h; sourceTree = "<group>"; };
		541D868811C7D8E400A6CB16 /* PaxosLeaseProposer.cpp */ = {isa = PBXFileReference; fileEncoding = 4; lastKnownFileType = sourcecode.cpp.cpp; path = PaxosLeaseProposer.cpp; sourceTree = "<group>"; };
		541D868911C7D8E400A6CB16 /* PaxosLeaseProposer.h */ = {isa = PBXFileReference; fileEncoding = 4; lastKnownFileType = sourcecode.c.h; path = PaxosLeaseProposer.h; sourceTree = "<group>"; };
		546E119011D8F48500867EE1 /* Quorum.h */ = {isa = PBXFileReference; fileEncoding = 4; lastKnownFileType = sourcecode.c.h; path = Quorum.h; sourceTree = "<group>"; };
		546E119311D8F4C800867EE1 /* SingleQuorum.h */ = {isa = PBXFileReference; fileEncoding = 4; lastKnownFileType = sourcecode.c.h; path = SingleQuorum.h; sourceTree = "<group>"; };
		546E119411D8F4C800867EE1 /* SingleQuorum.cpp */ = {isa = PBXFileReference; fileEncoding = 4; lastKnownFileType = sourcecode.cpp.cpp; path = SingleQuorum.cpp; sourceTree = "<group>"; };
		546E119611D8F4D300867EE1 /* DoubleQuorum.h */ = {isa = PBXFileReference; fileEncoding = 4; lastKnownFileType = sourcecode.c.h; path = DoubleQuorum.h; sourceTree = "<group>"; };
		546E119711D8F4D300867EE1 /* DoubleQuorum.cpp */ = {isa = PBXFileReference; fileEncoding = 4; lastKnownFileType = sourcecode.cpp.cpp; path = DoubleQuorum.cpp; sourceTree = "<group>"; };
		546E141B11DA0AE900867EE1 /* ReplicationManager.h */ = {isa = PBXFileReference; fileEncoding = 4; lastKnownFileType = sourcecode.c.h; path = ReplicationManager.h; sourceTree = "<group>"; };
		546E143B11DA0CF600867EE1 /* todo.txt */ = {isa = PBXFileReference; fileEncoding = 4; lastKnownFileType = text; path = todo.txt; sourceTree = "<group>"; };
		546E145711DA173300867EE1 /* ReplicationContext.h */ = {isa = PBXFileReference; fileEncoding = 4; lastKnownFileType = sourcecode.c.h; path = ReplicationContext.h; sourceTree = "<group>"; };
		546E14AD11DA2A7500867EE1 /* ReplicationManager.cpp */ = {isa = PBXFileReference; fileEncoding = 4; lastKnownFileType = sourcecode.cpp.cpp; path = ReplicationManager.cpp; sourceTree = "<group>"; };
		546E152F11DA3A1000867EE1 /* ReplicationMessage.h */ = {isa = PBXFileReference; fileEncoding = 4; lastKnownFileType = sourcecode.c.h; path = ReplicationMessage.h; sourceTree = "<group>"; };
		546E181611DDD4DF00867EE1 /* QuorumTransport.h */ = {isa = PBXFileReference; fileEncoding = 4; lastKnownFileType = sourcecode.c.h; path = QuorumTransport.h; sourceTree = "<group>"; };
		546E182711DE137F00867EE1 /* ReplicationTransport.h */ = {isa = PBXFileReference; fileEncoding = 4; lastKnownFileType = sourcecode.c.h; path = ReplicationTransport.h; sourceTree = "<group>"; };
		546E190411E4D61300867EE1 /* PriorityQueue.h */ = {isa = PBXFileReference; fileEncoding = 4; lastKnownFileType = sourcecode.c.h; path = PriorityQueue.h; sourceTree = "<group>"; };
		546E1B5311E755D700867EE1 /* BufferQueue.h */ = {isa = PBXFileReference; fileEncoding = 4; lastKnownFileType = sourcecode.c.h; path = BufferQueue.h; sourceTree = "<group>"; };
		548BA2BA11CA7C510079D99C /* Node.h */ = {isa = PBXFileReference; fileEncoding = 4; lastKnownFileType = sourcecode.c.h; name = Node.h; path = src/Framework/Node.h; sourceTree = SOURCE_ROOT; };
		54AFE33411C8D15100925487 /* PaxosLeaseAcceptorState.h */ = {isa = PBXFileReference; fileEncoding = 4; lastKnownFileType = sourcecode.c.h; path = PaxosLeaseAcceptorState.h; sourceTree = "<group>"; };
		54AFE33511C8D15100925487 /* PaxosLeaseLearnerState.h */ = {isa = PBXFileReference; fileEncoding = 4; lastKnownFileType = sourcecode.c.h; path = PaxosLeaseLearnerState.h; sourceTree = "<group>"; };
		54AFE33611C8D15100925487 /* PaxosLeaseProposerState.h */ = {isa = PBXFileReference; fileEncoding = 4; lastKnownFileType = sourcecode.c.h; path = PaxosLeaseProposerState.h; sourceTree = "<group>"; };
		54B7F74411BE5EF30076BC62 /* Common.cpp */ = {isa = PBXFileReference; fileEncoding = 4; lastKnownFileType = sourcecode.cpp.cpp; path = Common.cpp; sourceTree = "<group>"; };
		54B7F74511BE5EF30076BC62 /* Common.h */ = {isa = PBXFileReference; fileEncoding = 4; lastKnownFileType = sourcecode.c.h; path = Common.h; sourceTree = "<group>"; };
		54B7F74611BE5EF30076BC62 /* Config.cpp */ = {isa = PBXFileReference; fileEncoding = 4; lastKnownFileType = sourcecode.cpp.cpp; path = Config.cpp; sourceTree = "<group>"; };
		54B7F74711BE5EF30076BC62 /* Config.h */ = {isa = PBXFileReference; fileEncoding = 4; lastKnownFileType = sourcecode.c.h; path = Config.h; sourceTree = "<group>"; };
		54B7F74A11BE5EF30076BC62 /* List.h */ = {isa = PBXFileReference; fileEncoding = 4; lastKnownFileType = sourcecode.c.h; path = List.h; sourceTree = "<group>"; };
		54B7F74B11BE5EF30076BC62 /* Queue.h */ = {isa = PBXFileReference; fileEncoding = 4; lastKnownFileType = sourcecode.c.h; path = Queue.h; sourceTree = "<group>"; };
		54B7F74C11BE5EF30076BC62 /* SortedList.h */ = {isa = PBXFileReference; fileEncoding = 4; lastKnownFileType = sourcecode.c.h; path = SortedList.h; sourceTree = "<group>"; };
		54B7F74F11BE5EF30076BC62 /* EventLoop.cpp */ = {isa = PBXFileReference; fileEncoding = 4; lastKnownFileType = sourcecode.cpp.cpp; path = EventLoop.cpp; sourceTree = "<group>"; };
		54B7F75011BE5EF30076BC62 /* EventLoop.h */ = {isa = PBXFileReference; fileEncoding = 4; lastKnownFileType = sourcecode.c.h; path = EventLoop.h; sourceTree = "<group>"; };
		54B7F75111BE5EF30076BC62 /* Scheduler.cpp */ = {isa = PBXFileReference; fileEncoding = 4; lastKnownFileType = sourcecode.cpp.cpp; path = Scheduler.cpp; sourceTree = "<group>"; };
		54B7F75211BE5EF30076BC62 /* Scheduler.h */ = {isa = PBXFileReference; fileEncoding = 4; lastKnownFileType = sourcecode.c.h; path = Scheduler.h; sourceTree = "<group>"; };
		54B7F75311BE5EF30076BC62 /* Timer.h */ = {isa = PBXFileReference; fileEncoding = 4; lastKnownFileType = sourcecode.c.h; path = Timer.h; sourceTree = "<group>"; };
		54B7F75511BE5EF30076BC62 /* Endpoint.cpp */ = {isa = PBXFileReference; fileEncoding = 4; lastKnownFileType = sourcecode.cpp.cpp; path = Endpoint.cpp; sourceTree = "<group>"; };
		54B7F75611BE5EF30076BC62 /* Endpoint.h */ = {isa = PBXFileReference; fileEncoding = 4; lastKnownFileType = sourcecode.c.h; path = Endpoint.h; sourceTree = "<group>"; };
		54B7F75711BE5EF30076BC62 /* FD.h */ = {isa = PBXFileReference; fileEncoding = 4; lastKnownFileType = sourcecode.c.h; path = FD.h; sourceTree = "<group>"; };
		54B7F75811BE5EF30076BC62 /* IOOperation.h */ = {isa = PBXFileReference; fileEncoding = 4; lastKnownFileType = sourcecode.c.h; path = IOOperation.h; sourceTree = "<group>"; };
		54B7F75911BE5EF30076BC62 /* IOProcessor.h */ = {isa = PBXFileReference; fileEncoding = 4; lastKnownFileType = sourcecode.c.h; path = IOProcessor.h; sourceTree = "<group>"; };
		54B7F75A11BE5EF30076BC62 /* IOProcessor_Darwin.cpp */ = {isa = PBXFileReference; fileEncoding = 4; lastKnownFileType = sourcecode.cpp.cpp; path = IOProcessor_Darwin.cpp; sourceTree = "<group>"; };
		54B7F75B11BE5EF30076BC62 /* IOProcessor_Linux.cpp */ = {isa = PBXFileReference; fileEncoding = 4; lastKnownFileType = sourcecode.cpp.cpp; path = IOProcessor_Linux.cpp; sourceTree = "<group>"; };
		54B7F75C11BE5EF30076BC62 /* IOProcessor_Windows.cpp */ = {isa = PBXFileReference; fileEncoding = 4; lastKnownFileType = sourcecode.cpp.cpp; path = IOProcessor_Windows.cpp; sourceTree = "<group>"; };
		54B7F75E11BE5EF30076BC62 /* Socket.h */ = {isa = PBXFileReference; fileEncoding = 4; lastKnownFileType = sourcecode.c.h; path = Socket.h; sourceTree = "<group>"; };
		54B7F75F11BE5EF30076BC62 /* Socket_Posix.cpp */ = {isa = PBXFileReference; fileEncoding = 4; lastKnownFileType = sourcecode.cpp.cpp; path = Socket_Posix.cpp; sourceTree = "<group>"; };
		54B7F76011BE5EF30076BC62 /* Socket_Windows.cpp */ = {isa = PBXFileReference; fileEncoding = 4; lastKnownFileType = sourcecode.cpp.cpp; path = Socket_Windows.cpp; sourceTree = "<group>"; };
		54B7F76111BE5EF30076BC62 /* Log.cpp */ = {isa = PBXFileReference; fileEncoding = 4; lastKnownFileType = sourcecode.cpp.cpp; path = Log.cpp; sourceTree = "<group>"; };
		54B7F76211BE5EF30076BC62 /* Log.h */ = {isa = PBXFileReference; fileEncoding = 4; lastKnownFileType = sourcecode.c.h; path = Log.h; sourceTree = "<group>"; };
		54B7F76411BE5EF30076BC62 /* Platform.h */ = {isa = PBXFileReference; fileEncoding = 4; lastKnownFileType = sourcecode.c.h; path = Platform.h; sourceTree = "<group>"; };
		54B7F76511BE5EF30076BC62 /* Stopwatch.h */ = {isa = PBXFileReference; fileEncoding = 4; lastKnownFileType = sourcecode.c.h; path = Stopwatch.h; sourceTree = "<group>"; };
		54B7F76711BE5EF30076BC62 /* ThreadPool.h */ = {isa = PBXFileReference; fileEncoding = 4; lastKnownFileType = sourcecode.c.h; path = ThreadPool.h; sourceTree = "<group>"; };
		54B7F76811BE5EF30076BC62 /* ThreadPool_Posix.cpp */ = {isa = PBXFileReference; fileEncoding = 4; lastKnownFileType = sourcecode.cpp.cpp; path = ThreadPool_Posix.cpp; sourceTree = "<group>"; };
		54B7F76911BE5EF30076BC62 /* ThreadPool_Windows.cpp */ = {isa = PBXFileReference; fileEncoding = 4; lastKnownFileType = sourcecode.cpp.cpp; path = ThreadPool_Windows.cpp; sourceTree = "<group>"; };
		54B7F76D11BE5EF30076BC62 /* Version.h */ = {isa = PBXFileReference; fileEncoding = 4; lastKnownFileType = sourcecode.c.h; path = Version.h; sourceTree = "<group>"; };
		54B7F96011BE85950076BC62 /* Time.cpp */ = {isa = PBXFileReference; fileEncoding = 4; lastKnownFileType = sourcecode.cpp.cpp; path = Time.cpp; sourceTree = "<group>"; };
		54B7F96411BE85B10076BC62 /* Time.h */ = {isa = PBXFileReference; fileEncoding = 4; lastKnownFileType = sourcecode.c.h; path = Time.h; sourceTree = "<group>"; };
		54FA661811C107BD00FF4EF6 /* ByteBuffer.h */ = {isa = PBXFileReference; fileEncoding = 4; lastKnownFileType = sourcecode.c.h; path = ByteBuffer.h; sourceTree = "<group>"; };
		54FA661C11C107E800FF4EF6 /* ByteWrap.h */ = {isa = PBXFileReference; fileEncoding = 4; lastKnownFileType = sourcecode.c.h; path = ByteWrap.h; sourceTree = "<group>"; };
		54FA662511C1088A00FF4EF6 /* DynArray.h */ = {isa = PBXFileReference; fileEncoding = 4; lastKnownFileType = sourcecode.c.h; path = DynArray.h; sourceTree = "<group>"; };
		54FA668911C10D7800FF4EF6 /* ByteString.cpp */ = {isa = PBXFileReference; fileEncoding = 4; lastKnownFileType = sourcecode.cpp.cpp; path = ByteString.cpp; sourceTree = "<group>"; };
		54FA668F11C10DA600FF4EF6 /* ByteBuffer.cpp */ = {isa = PBXFileReference; fileEncoding = 4; lastKnownFileType = sourcecode.cpp.cpp; path = ByteBuffer.cpp; sourceTree = "<group>"; };
		54FA669411C10DCE00FF4EF6 /* ByteWrap.cpp */ = {isa = PBXFileReference; fileEncoding = 4; lastKnownFileType = sourcecode.cpp.cpp; path = ByteWrap.cpp; sourceTree = "<group>"; };
		54FA68F311C2422A00FF4EF6 /* CdownTimer.h */ = {isa = PBXFileReference; fileEncoding = 4; lastKnownFileType = sourcecode.c.h; path = CdownTimer.h; sourceTree = "<group>"; };
		54FA68F811C2429A00FF4EF6 /* CdownTimer.cpp */ = {isa = PBXFileReference; fileEncoding = 4; lastKnownFileType = sourcecode.cpp.cpp; path = CdownTimer.cpp; sourceTree = "<group>"; };
		54FA690A11C2435300FF4EF6 /* Timer.cpp */ = {isa = PBXFileReference; fileEncoding = 4; lastKnownFileType = sourcecode.cpp.cpp; path = Timer.cpp; sourceTree = "<group>"; };
		54FA6B0711C26CAB00FF4EF6 /* Main.cpp */ = {isa = PBXFileReference; fileEncoding = 4; lastKnownFileType = sourcecode.cpp.cpp; path = Main.cpp; sourceTree = "<group>"; };
		54FA6B1611C275C600FF4EF6 /* ByteString.h */ = {isa = PBXFileReference; fileEncoding = 4; lastKnownFileType = sourcecode.c.h; path = ByteString.h; sourceTree = "<group>"; };
		8DD76F6C0486A84900D96B5E /* Rowscale */ = {isa = PBXFileReference; explicitFileType = "compiled.mach-o.executable"; includeInIndex = 0; path = Rowscale; sourceTree = BUILT_PRODUCTS_DIR; };
		9A0C20D311C7C48600510AB4 /* libdb_cxx-4.6.dylib */ = {isa = PBXFileReference; lastKnownFileType = "compiled.mach-o.dylib"; name = "libdb_cxx-4.6.dylib"; path = "/opt/local/lib/db46/libdb_cxx-4.6.dylib"; sourceTree = "<absolute>"; };
		9A31560411C7B32A0052812E /* Cursor.cpp */ = {isa = PBXFileReference; fileEncoding = 4; lastKnownFileType = sourcecode.cpp.cpp; name = Cursor.cpp; path = Database/Cursor.cpp; sourceTree = "<group>"; };
		9A31560511C7B32A0052812E /* Cursor.h */ = {isa = PBXFileReference; fileEncoding = 4; lastKnownFileType = sourcecode.c.h; name = Cursor.h; path = Database/Cursor.h; sourceTree = "<group>"; };
		9A31560811C7B32A0052812E /* Database.cpp */ = {isa = PBXFileReference; fileEncoding = 4; lastKnownFileType = sourcecode.cpp.cpp; name = Database.cpp; path = Database/Database.cpp; sourceTree = "<group>"; };
		9A31560911C7B32A0052812E /* Database.h */ = {isa = PBXFileReference; fileEncoding = 4; lastKnownFileType = sourcecode.c.h; name = Database.h; path = Database/Database.h; sourceTree = "<group>"; };
		9A31560A11C7B32A0052812E /* DatabaseConfig.h */ = {isa = PBXFileReference; fileEncoding = 4; lastKnownFileType = sourcecode.c.h; name = DatabaseConfig.h; path = Database/DatabaseConfig.h; sourceTree = "<group>"; };
		9A31560B11C7B32A0052812E /* Table.cpp */ = {isa = PBXFileReference; fileEncoding = 4; lastKnownFileType = sourcecode.cpp.cpp; name = Table.cpp; path = Database/Table.cpp; sourceTree = "<group>"; };
		9A31560C11C7B32A0052812E /* Table.h */ = {isa = PBXFileReference; fileEncoding = 4; lastKnownFileType = sourcecode.c.h; name = Table.h; path = Database/Table.h; sourceTree = "<group>"; };
		9A31560D11C7B32A0052812E /* Transaction.cpp */ = {isa = PBXFileReference; fileEncoding = 4; lastKnownFileType = sourcecode.cpp.cpp; name = Transaction.cpp; path = Database/Transaction.cpp; sourceTree = "<group>"; };
		9A31560E11C7B32A0052812E /* Transaction.h */ = {isa = PBXFileReference; fileEncoding = 4; lastKnownFileType = sourcecode.c.h; name = Transaction.h; path = Database/Transaction.h; sourceTree = "<group>"; };
		C6859E8B029090EE04C91782 /* Rowscale.1 */ = {isa = PBXFileReference; lastKnownFileType = text.man; path = Rowscale.1; sourceTree = "<group>"; };
/* End PBXFileReference section */

/* Begin PBXFrameworksBuildPhase section */
		8DD76F660486A84900D96B5E /* Frameworks */ = {
			isa = PBXFrameworksBuildPhase;
			buildActionMask = 2147483647;
			files = (
				9A0C20D411C7C48600510AB4 /* libdb_cxx-4.6.dylib in Frameworks */,
			);
			runOnlyForDeploymentPostprocessing = 0;
		};
/* End PBXFrameworksBuildPhase section */

/* Begin PBXGroup section */
		08FB7794FE84155DC02AAC07 /* Rowscale */ = {
			isa = PBXGroup;
			children = (
				9A0C20D311C7C48600510AB4 /* libdb_cxx-4.6.dylib */,
				08FB7795FE84155DC02AAC07 /* Source */,
				C6859E8C029090F304C91782 /* Documentation */,
				1AB674ADFE9D54B511CA2CBB /* Products */,
			);
			name = Rowscale;
			sourceTree = "<group>";
		};
		08FB7795FE84155DC02AAC07 /* Source */ = {
			isa = PBXGroup;
			children = (
				54B7F74111BE5EF30076BC62 /* src */,
			);
			name = Source;
			sourceTree = "<group>";
		};
		1AB674ADFE9D54B511CA2CBB /* Products */ = {
			isa = PBXGroup;
			children = (
				8DD76F6C0486A84900D96B5E /* Rowscale */,
			);
			name = Products;
			sourceTree = "<group>";
		};
		541D7E6F11C64EB600A6CB16 /* Framework */ = {
			isa = PBXGroup;
			children = (
				9A31560311C7B31C0052812E /* Database */,
				541D7E7011C64EB600A6CB16 /* Transport */,
				541D867D11C7D8E400A6CB16 /* Replication */,
			);
			path = Framework;
			sourceTree = "<group>";
		};
		541D7E7011C64EB600A6CB16 /* Transport */ = {
			isa = PBXGroup;
			children = (
				541D7E7111C64EB600A6CB16 /* TCPConn.h */,
				541D805711C6806B00A6CB16 /* TCPConn.cpp */,
				541D7E7311C64EB600A6CB16 /* TCPServer.h */,
				541D7E8D11C650FA00A6CB16 /* MessageConn.h */,
				541D860511C7D6B800A6CB16 /* TCPReader.h */,
				541D860411C7D6B800A6CB16 /* TCPReader.cpp */,
				541D860711C7D6B800A6CB16 /* TCPWriter.h */,
				541D860611C7D6B800A6CB16 /* TCPWriter.cpp */,
				546E1B5311E755D700867EE1 /* BufferQueue.h */,
			);
			path = Transport;
			sourceTree = "<group>";
		};
		541D867D11C7D8E400A6CB16 /* Replication */ = {
			isa = PBXGroup;
			children = (
				546E118F11D8F47900867EE1 /* Quorums */,
				541D867E11C7D8E400A6CB16 /* PaxosLease */,
				548BA2BA11CA7C510079D99C /* Node.h */,
				546E152F11DA3A1000867EE1 /* ReplicationMessage.h */,
				546E141B11DA0AE900867EE1 /* ReplicationManager.h */,
				546E14AD11DA2A7500867EE1 /* ReplicationManager.cpp */,
				546E182711DE137F00867EE1 /* ReplicationTransport.h */,
				546E145711DA173300867EE1 /* ReplicationContext.h */,
			);
			path = Replication;
			sourceTree = "<group>";
		};
		541D867E11C7D8E400A6CB16 /* PaxosLease */ = {
			isa = PBXGroup;
			children = (
				54AFE33311C8D15100925487 /* States */,
				541D868711C7D8E400A6CB16 /* PaxosLeaseMessage.h */,
				541D868611C7D8E400A6CB16 /* PaxosLeaseMessage.cpp */,
				541D868011C7D8E400A6CB16 /* PaxosLease.h */,
				541D867F11C7D8E400A6CB16 /* PaxosLease.cpp */,
				541D868911C7D8E400A6CB16 /* PaxosLeaseProposer.h */,
				541D868811C7D8E400A6CB16 /* PaxosLeaseProposer.cpp */,
				541D868211C7D8E400A6CB16 /* PaxosLeaseAcceptor.h */,
				541D868111C7D8E400A6CB16 /* PaxosLeaseAcceptor.cpp */,
				541D868511C7D8E400A6CB16 /* PaxosLeaseLearner.h */,
				541D868411C7D8E400A6CB16 /* PaxosLeaseLearner.cpp */,
			);
			path = PaxosLease;
			sourceTree = "<group>";
		};
		546E118F11D8F47900867EE1 /* Quorums */ = {
			isa = PBXGroup;
			children = (
				546E119011D8F48500867EE1 /* Quorum.h */,
				546E119311D8F4C800867EE1 /* SingleQuorum.h */,
				546E119411D8F4C800867EE1 /* SingleQuorum.cpp */,
				546E119611D8F4D300867EE1 /* DoubleQuorum.h */,
				546E119711D8F4D300867EE1 /* DoubleQuorum.cpp */,
				546E181611DDD4DF00867EE1 /* QuorumTransport.h */,
			);
			path = Quorums;
			sourceTree = "<group>";
		};
		54AFE33311C8D15100925487 /* States */ = {
			isa = PBXGroup;
			children = (
				54AFE33611C8D15100925487 /* PaxosLeaseProposerState.h */,
				54AFE33411C8D15100925487 /* PaxosLeaseAcceptorState.h */,
				54AFE33511C8D15100925487 /* PaxosLeaseLearnerState.h */,
			);
			path = States;
			sourceTree = "<group>";
		};
		54B7F74111BE5EF30076BC62 /* src */ = {
			isa = PBXGroup;
			children = (
				541D7E6F11C64EB600A6CB16 /* Framework */,
				54B7F74211BE5EF30076BC62 /* System */,
				54FA6B0711C26CAB00FF4EF6 /* Main.cpp */,
				54B7F76D11BE5EF30076BC62 /* Version.h */,
				546E143B11DA0CF600867EE1 /* todo.txt */,
			);
			path = src;
			sourceTree = "<group>";
		};
		54B7F74211BE5EF30076BC62 /* System */ = {
			isa = PBXGroup;
			children = (
				54FA661711C1079500FF4EF6 /* Buffers */,
				54B7F74811BE5EF30076BC62 /* Containers */,
				54B7F74D11BE5EF30076BC62 /* Events */,
				54B7F75411BE5EF30076BC62 /* IO */,
				54B7F74511BE5EF30076BC62 /* Common.h */,
				54B7F74411BE5EF30076BC62 /* Common.cpp */,
				54B7F74711BE5EF30076BC62 /* Config.h */,
				54B7F74611BE5EF30076BC62 /* Config.cpp */,
				54B7F76211BE5EF30076BC62 /* Log.h */,
				54B7F76111BE5EF30076BC62 /* Log.cpp */,
				54B7F76411BE5EF30076BC62 /* Platform.h */,
				54B7F76511BE5EF30076BC62 /* Stopwatch.h */,
				54B7F76711BE5EF30076BC62 /* ThreadPool.h */,
				54B7F76811BE5EF30076BC62 /* ThreadPool_Posix.cpp */,
				54B7F76911BE5EF30076BC62 /* ThreadPool_Windows.cpp */,
				54B7F96411BE85B10076BC62 /* Time.h */,
				54B7F96011BE85950076BC62 /* Time.cpp */,
			);
			path = System;
			sourceTree = "<group>";
		};
		54B7F74811BE5EF30076BC62 /* Containers */ = {
			isa = PBXGroup;
			children = (
				54B7F74A11BE5EF30076BC62 /* List.h */,
				54B7F74C11BE5EF30076BC62 /* SortedList.h */,
				54B7F74B11BE5EF30076BC62 /* Queue.h */,
				546E190411E4D61300867EE1 /* PriorityQueue.h */,
			);
			path = Containers;
			sourceTree = "<group>";
		};
		54B7F74D11BE5EF30076BC62 /* Events */ = {
			isa = PBXGroup;
			children = (
				541D826411C7A17D00A6CB16 /* Callable.h */,
				54B7F75211BE5EF30076BC62 /* Scheduler.h */,
				54B7F75111BE5EF30076BC62 /* Scheduler.cpp */,
				54B7F75011BE5EF30076BC62 /* EventLoop.h */,
				54B7F74F11BE5EF30076BC62 /* EventLoop.cpp */,
				54B7F75311BE5EF30076BC62 /* Timer.h */,
				54FA690A11C2435300FF4EF6 /* Timer.cpp */,
				54FA68F311C2422A00FF4EF6 /* CdownTimer.h */,
				54FA68F811C2429A00FF4EF6 /* CdownTimer.cpp */,
			);
			path = Events;
			sourceTree = "<group>";
		};
		54B7F75411BE5EF30076BC62 /* IO */ = {
			isa = PBXGroup;
			children = (
				54B7F75611BE5EF30076BC62 /* Endpoint.h */,
				54B7F75511BE5EF30076BC62 /* Endpoint.cpp */,
				54B7F75711BE5EF30076BC62 /* FD.h */,
				54B7F75811BE5EF30076BC62 /* IOOperation.h */,
				54B7F75911BE5EF30076BC62 /* IOProcessor.h */,
				54B7F75A11BE5EF30076BC62 /* IOProcessor_Darwin.cpp */,
				54B7F75B11BE5EF30076BC62 /* IOProcessor_Linux.cpp */,
				54B7F75C11BE5EF30076BC62 /* IOProcessor_Windows.cpp */,
				54B7F75E11BE5EF30076BC62 /* Socket.h */,
				54B7F75F11BE5EF30076BC62 /* Socket_Posix.cpp */,
				54B7F76011BE5EF30076BC62 /* Socket_Windows.cpp */,
			);
			path = IO;
			sourceTree = "<group>";
		};
		54FA661711C1079500FF4EF6 /* Buffers */ = {
			isa = PBXGroup;
			children = (
				54FA6B1611C275C600FF4EF6 /* ByteString.h */,
				54FA668911C10D7800FF4EF6 /* ByteString.cpp */,
				54FA661811C107BD00FF4EF6 /* ByteBuffer.h */,
				54FA668F11C10DA600FF4EF6 /* ByteBuffer.cpp */,
				54FA661C11C107E800FF4EF6 /* ByteWrap.h */,
				54FA669411C10DCE00FF4EF6 /* ByteWrap.cpp */,
				54FA662511C1088A00FF4EF6 /* DynArray.h */,
			);
			path = Buffers;
			sourceTree = "<group>";
		};
		9A31560311C7B31C0052812E /* Database */ = {
			isa = PBXGroup;
			children = (
				9A31560511C7B32A0052812E /* Cursor.h */,
				9A31560411C7B32A0052812E /* Cursor.cpp */,
				9A31560911C7B32A0052812E /* Database.h */,
				9A31560811C7B32A0052812E /* Database.cpp */,
				9A31560A11C7B32A0052812E /* DatabaseConfig.h */,
				9A31560C11C7B32A0052812E /* Table.h */,
				9A31560B11C7B32A0052812E /* Table.cpp */,
				9A31560E11C7B32A0052812E /* Transaction.h */,
				9A31560D11C7B32A0052812E /* Transaction.cpp */,
			);
			name = Database;
			sourceTree = "<group>";
		};
		C6859E8C029090F304C91782 /* Documentation */ = {
			isa = PBXGroup;
			children = (
				C6859E8B029090EE04C91782 /* Rowscale.1 */,
			);
			name = Documentation;
			sourceTree = "<group>";
		};
/* End PBXGroup section */

/* Begin PBXNativeTarget section */
		8DD76F620486A84900D96B5E /* Rowscale */ = {
			isa = PBXNativeTarget;
			buildConfigurationList = 1DEB923108733DC60010E9CD /* Build configuration list for PBXNativeTarget "Rowscale" */;
			buildPhases = (
				8DD76F640486A84900D96B5E /* Sources */,
				8DD76F660486A84900D96B5E /* Frameworks */,
				8DD76F690486A84900D96B5E /* CopyFiles */,
			);
			buildRules = (
			);
			dependencies = (
			);
			name = Rowscale;
			productInstallPath = "$(HOME)/bin";
			productName = Rowscale;
			productReference = 8DD76F6C0486A84900D96B5E /* Rowscale */;
			productType = "com.apple.product-type.tool";
		};
/* End PBXNativeTarget section */

/* Begin PBXProject section */
		08FB7793FE84155DC02AAC07 /* Project object */ = {
			isa = PBXProject;
			buildConfigurationList = 1DEB923508733DC60010E9CD /* Build configuration list for PBXProject "Rowscale" */;
			compatibilityVersion = "Xcode 3.1";
			hasScannedForEncodings = 1;
			mainGroup = 08FB7794FE84155DC02AAC07 /* Rowscale */;
			projectDirPath = "";
			projectRoot = "";
			targets = (
				8DD76F620486A84900D96B5E /* Rowscale */,
			);
		};
/* End PBXProject section */

/* Begin PBXSourcesBuildPhase section */
		8DD76F640486A84900D96B5E /* Sources */ = {
			isa = PBXSourcesBuildPhase;
			buildActionMask = 2147483647;
			files = (
				54B7F76E11BE5EF30076BC62 /* Common.cpp in Sources */,
				54B7F77111BE5EF30076BC62 /* Scheduler.cpp in Sources */,
				54B7F77411BE5EF30076BC62 /* IOProcessor_Linux.cpp in Sources */,
				54B7F77511BE5EF30076BC62 /* IOProcessor_Windows.cpp in Sources */,
				54B7F77811BE5EF30076BC62 /* Socket_Windows.cpp in Sources */,
				54B7F77911BE5EF30076BC62 /* Log.cpp in Sources */,
				54B7F77C11BE5EF30076BC62 /* ThreadPool_Posix.cpp in Sources */,
				54B7F77D11BE5EF30076BC62 /* ThreadPool_Windows.cpp in Sources */,
				54B7F96111BE85950076BC62 /* Time.cpp in Sources */,
				54FA668A11C10D7800FF4EF6 /* ByteString.cpp in Sources */,
				54FA669011C10DA600FF4EF6 /* ByteBuffer.cpp in Sources */,
				54FA669511C10DCE00FF4EF6 /* ByteWrap.cpp in Sources */,
				54FA68EC11C241EF00FF4EF6 /* EventLoop.cpp in Sources */,
				54FA68F911C2429A00FF4EF6 /* CdownTimer.cpp in Sources */,
				54FA690B11C2435300FF4EF6 /* Timer.cpp in Sources */,
				54FA692B11C244C100FF4EF6 /* Endpoint.cpp in Sources */,
				54FA694411C2458200FF4EF6 /* IOProcessor_Darwin.cpp in Sources */,
				54FA694511C2458A00FF4EF6 /* Socket_Posix.cpp in Sources */,
				54FA695F11C259DF00FF4EF6 /* Config.cpp in Sources */,
				54FA6B0811C26CAB00FF4EF6 /* Main.cpp in Sources */,
				541D805811C6806B00A6CB16 /* TCPConn.cpp in Sources */,
				541D860811C7D6B800A6CB16 /* TCPReader.cpp in Sources */,
				541D860911C7D6B800A6CB16 /* TCPWriter.cpp in Sources */,
				541D868B11C7D8E400A6CB16 /* PaxosLease.cpp in Sources */,
				541D868C11C7D8E400A6CB16 /* PaxosLeaseAcceptor.cpp in Sources */,
				541D868D11C7D8E400A6CB16 /* PaxosLeaseLearner.cpp in Sources */,
				541D868E11C7D8E400A6CB16 /* PaxosLeaseMessage.cpp in Sources */,
				541D868F11C7D8E400A6CB16 /* PaxosLeaseProposer.cpp in Sources */,
				546E119511D8F4C800867EE1 /* SingleQuorum.cpp in Sources */,
				546E119811D8F4D300867EE1 /* DoubleQuorum.cpp in Sources */,
				546E14AE11DA2A7500867EE1 /* ReplicationManager.cpp in Sources */,
			);
			runOnlyForDeploymentPostprocessing = 0;
		};
/* End PBXSourcesBuildPhase section */

/* Begin XCBuildConfiguration section */
		1DEB923208733DC60010E9CD /* Debug */ = {
			isa = XCBuildConfiguration;
			buildSettings = {
				ALWAYS_SEARCH_USER_PATHS = NO;
				COPY_PHASE_STRIP = NO;
				GCC_DYNAMIC_NO_PIC = NO;
				GCC_ENABLE_FIX_AND_CONTINUE = YES;
				GCC_MODEL_TUNING = G5;
				GCC_OPTIMIZATION_LEVEL = 0;
				GCC_PREPROCESSOR_DEFINITIONS = (
					"_GLIBCXX_DEBUG=1",
					"_GLIBCXX_DEBUG_PEDANTIC=1",
				);
				GCC_WARN_CHECK_SWITCH_STATEMENTS = YES;
				GCC_WARN_SIGN_COMPARE = YES;
				GCC_WARN_TYPECHECK_CALLS_TO_PRINTF = YES;
				GCC_WARN_UNUSED_FUNCTION = YES;
				GCC_WARN_UNUSED_LABEL = YES;
				GCC_WARN_UNUSED_PARAMETER = YES;
				GCC_WARN_UNUSED_VALUE = YES;
				HEADER_SEARCH_PATHS = (
					/opt/local/include/db46,
					src,
				);
				INSTALL_PATH = /usr/local/bin;
				LIBRARY_SEARCH_PATHS = (
					"$(inherited)",
					/opt/local/lib/db46,
				);
				OTHER_CPLUSPLUSFLAGS = (
					"-DPLATFORM_DARWIN",
					"-D__STDC_FORMAT_MACROS",
				);
				PRODUCT_NAME = Rowscale;
			};
			name = Debug;
		};
		1DEB923308733DC60010E9CD /* Release */ = {
			isa = XCBuildConfiguration;
			buildSettings = {
				ALWAYS_SEARCH_USER_PATHS = NO;
				DEBUG_INFORMATION_FORMAT = "dwarf-with-dsym";
				GCC_MODEL_TUNING = G5;
				GCC_WARN_CHECK_SWITCH_STATEMENTS = YES;
				GCC_WARN_SIGN_COMPARE = YES;
				GCC_WARN_TYPECHECK_CALLS_TO_PRINTF = YES;
				GCC_WARN_UNUSED_FUNCTION = YES;
				GCC_WARN_UNUSED_LABEL = YES;
				GCC_WARN_UNUSED_PARAMETER = YES;
				GCC_WARN_UNUSED_VALUE = YES;
				HEADER_SEARCH_PATHS = src;
				INSTALL_PATH = /usr/local/bin;
				LIBRARY_SEARCH_PATHS = (
					"$(inherited)",
					/opt/local/lib/db46,
				);
				OTHER_CPLUSPLUSFLAGS = (
					"-DPLATFORM_DARWIN",
					"-D__STDC_FORMAT_MACROS",
				);
				PRODUCT_NAME = Rowscale;
			};
			name = Release;
		};
		1DEB923608733DC60010E9CD /* Debug */ = {
			isa = XCBuildConfiguration;
			buildSettings = {
				ALWAYS_SEARCH_USER_PATHS = NO;
				ARCHS = "$(NATIVE_ARCH_ACTUAL)";
				GCC_C_LANGUAGE_STANDARD = "compiler-default";
				GCC_OPTIMIZATION_LEVEL = 0;
				GCC_TREAT_WARNINGS_AS_ERRORS = NO;
				GCC_USE_GCC3_PFE_SUPPORT = NO;
				GCC_USE_STANDARD_INCLUDE_SEARCHING = YES;
				GCC_WARN_ABOUT_RETURN_TYPE = YES;
				GCC_WARN_CHECK_SWITCH_STATEMENTS = YES;
				GCC_WARN_SIGN_COMPARE = YES;
				GCC_WARN_TYPECHECK_CALLS_TO_PRINTF = YES;
				GCC_WARN_UNUSED_FUNCTION = YES;
				GCC_WARN_UNUSED_LABEL = YES;
				GCC_WARN_UNUSED_PARAMETER = YES;
				GCC_WARN_UNUSED_VALUE = YES;
				GCC_WARN_UNUSED_VARIABLE = YES;
				HEADER_SEARCH_PATHS = (
					/opt/local/include/db46,
					src,
				);
				LIBRARY_SEARCH_PATHS = /opt/local/lib/db46;
				ONLY_ACTIVE_ARCH = YES;
				OTHER_CPLUSPLUSFLAGS = (
					"-DPLATFORM_DARWIN",
					"-D__STDC_FORMAT_MACROS",
				);
				PREBINDING = NO;
				PRECOMPS_INCLUDE_HEADERS_FROM_BUILT_PRODUCTS_DIR = YES;
				PRELINK_LIBS = db_cxx;
				SCAN_ALL_SOURCE_FILES_FOR_INCLUDES = NO;
				SDKROOT = macosx10.5;
				USER_HEADER_SEARCH_PATHS = "";
			};
			name = Debug;
		};
		1DEB923708733DC60010E9CD /* Release */ = {
			isa = XCBuildConfiguration;
			buildSettings = {
				ARCHS = "$(ARCHS_STANDARD_32_BIT)";
				GCC_C_LANGUAGE_STANDARD = c99;
				GCC_TREAT_WARNINGS_AS_ERRORS = NO;
				GCC_USE_GCC3_PFE_SUPPORT = NO;
				GCC_WARN_ABOUT_RETURN_TYPE = YES;
				GCC_WARN_CHECK_SWITCH_STATEMENTS = YES;
				GCC_WARN_SIGN_COMPARE = YES;
				GCC_WARN_TYPECHECK_CALLS_TO_PRINTF = YES;
				GCC_WARN_UNUSED_FUNCTION = YES;
				GCC_WARN_UNUSED_LABEL = YES;
				GCC_WARN_UNUSED_PARAMETER = YES;
				GCC_WARN_UNUSED_VALUE = YES;
				GCC_WARN_UNUSED_VARIABLE = YES;
				OTHER_CPLUSPLUSFLAGS = (
					"-DPLATFORM_DARWIN",
					"-D__STDC_FORMAT_MACROS",
				);
				PREBINDING = NO;
				SDKROOT = macosx10.5;
			};
			name = Release;
		};
/* End XCBuildConfiguration section */

/* Begin XCConfigurationList section */
		1DEB923108733DC60010E9CD /* Build configuration list for PBXNativeTarget "Rowscale" */ = {
			isa = XCConfigurationList;
			buildConfigurations = (
				1DEB923208733DC60010E9CD /* Debug */,
				1DEB923308733DC60010E9CD /* Release */,
			);
			defaultConfigurationIsVisible = 0;
			defaultConfigurationName = Release;
		};
		1DEB923508733DC60010E9CD /* Build configuration list for PBXProject "Rowscale" */ = {
			isa = XCConfigurationList;
			buildConfigurations = (
				1DEB923608733DC60010E9CD /* Debug */,
				1DEB923708733DC60010E9CD /* Release */,
			);
			defaultConfigurationIsVisible = 0;
			defaultConfigurationName = Release;
		};
/* End XCConfigurationList section */
	};
	rootObject = 08FB7793FE84155DC02AAC07 /* Project object */;
}
