<?xml version="1.0" encoding="utf-8"?>
<Project ToolsVersion="4.0" xmlns="http://schemas.microsoft.com/developer/msbuild/2003">
  <ItemGroup>
    <Filter Include="Application">
      <UniqueIdentifier>{8fc63ee2-c37b-47b9-86c9-45830b4a8721}</UniqueIdentifier>
    </Filter>
    <Filter Include="Application\Client">
      <UniqueIdentifier>{e4312d4d-d98e-4b3e-afcf-c3b772a35764}</UniqueIdentifier>
    </Filter>
    <Filter Include="Application\Client\Java">
      <UniqueIdentifier>{7fbb45a8-9e51-4dc1-b954-b11cb8d33992}</UniqueIdentifier>
    </Filter>
  </ItemGroup>
  <ItemGroup>
    <ClCompile Include="..\src\Application\Client\Java\scaliendb_client_java.cpp">
      <Filter>Application\Client\Java</Filter>
    </ClCompile>
    <ClCompile Include="..\src\Application\Client\SDBPClientWrapper.cpp">
      <Filter>Application\Client</Filter>
    </ClCompile>
  </ItemGroup>
  <ItemGroup>
    <ClInclude Include="..\src\Application\Client\SDBPClientWrapper.h">
      <Filter>Application\Client</Filter>
    </ClInclude>
  </ItemGroup>
</Project>